// !$*UTF8*$!
{
	archiveVersion = 1;
	classes = {
	};
	objectVersion = 50;
	objects = {

/* Begin PBXBuildFile section */
		B09D941123AB54E8009684E7 /* AppDelegate.swift in Sources */ = {isa = PBXBuildFile; fileRef = B09D941023AB54E8009684E7 /* AppDelegate.swift */; };
		B09D941323AB54E8009684E7 /* SceneDelegate.swift in Sources */ = {isa = PBXBuildFile; fileRef = B09D941223AB54E8009684E7 /* SceneDelegate.swift */; };
		B09D941A23AB54E9009684E7 /* Assets.xcassets in Resources */ = {isa = PBXBuildFile; fileRef = B09D941923AB54E9009684E7 /* Assets.xcassets */; };
		B09D941D23AB54E9009684E7 /* LaunchScreen.storyboard in Resources */ = {isa = PBXBuildFile; fileRef = B09D941B23AB54E9009684E7 /* LaunchScreen.storyboard */; };
		B09D942623AB5534009684E7 /* HomeViewController.swift in Sources */ = {isa = PBXBuildFile; fileRef = B09D942423AB5534009684E7 /* HomeViewController.swift */; };
		B09D942723AB5534009684E7 /* HomeViewController.xib in Resources */ = {isa = PBXBuildFile; fileRef = B09D942523AB5534009684E7 /* HomeViewController.xib */; };
		B09D942B23AB55A2009684E7 /* BadgeNumberButton.xib in Resources */ = {isa = PBXBuildFile; fileRef = B09D942A23AB55A2009684E7 /* BadgeNumberButton.xib */; };
		B09D942D23AB5744009684E7 /* BadgeNumberButton.swift in Sources */ = {isa = PBXBuildFile; fileRef = B09D942C23AB5744009684E7 /* BadgeNumberButton.swift */; };
/* End PBXBuildFile section */

/* Begin PBXFileReference section */
		B09D940D23AB54E8009684E7 /* Baitap03.app */ = {isa = PBXFileReference; explicitFileType = wrapper.application; includeInIndex = 0; path = Baitap03.app; sourceTree = BUILT_PRODUCTS_DIR; };
		B09D941023AB54E8009684E7 /* AppDelegate.swift */ = {isa = PBXFileReference; lastKnownFileType = sourcecode.swift; path = AppDelegate.swift; sourceTree = "<group>"; };
		B09D941223AB54E8009684E7 /* SceneDelegate.swift */ = {isa = PBXFileReference; lastKnownFileType = sourcecode.swift; path = SceneDelegate.swift; sourceTree = "<group>"; };
		B09D941923AB54E9009684E7 /* Assets.xcassets */ = {isa = PBXFileReference; lastKnownFileType = folder.assetcatalog; path = Assets.xcassets; sourceTree = "<group>"; };
		B09D941C23AB54E9009684E7 /* Base */ = {isa = PBXFileReference; lastKnownFileType = file.storyboard; name = Base; path = Base.lproj/LaunchScreen.storyboard; sourceTree = "<group>"; };
		B09D941E23AB54E9009684E7 /* Info.plist */ = {isa = PBXFileReference; lastKnownFileType = text.plist.xml; path = Info.plist; sourceTree = "<group>"; };
		B09D942423AB5534009684E7 /* HomeViewController.swift */ = {isa = PBXFileReference; lastKnownFileType = sourcecode.swift; path = HomeViewController.swift; sourceTree = "<group>"; };
		B09D942523AB5534009684E7 /* HomeViewController.xib */ = {isa = PBXFileReference; lastKnownFileType = file.xib; path = HomeViewController.xib; sourceTree = "<group>"; };
		B09D942A23AB55A2009684E7 /* BadgeNumberButton.xib */ = {isa = PBXFileReference; lastKnownFileType = file.xib; path = BadgeNumberButton.xib; sourceTree = "<group>"; };
		B09D942C23AB5744009684E7 /* BadgeNumberButton.swift */ = {isa = PBXFileReference; lastKnownFileType = sourcecode.swift; path = BadgeNumberButton.swift; sourceTree = "<group>"; };
/* End PBXFileReference section */

/* Begin PBXFrameworksBuildPhase section */
		B09D940A23AB54E8009684E7 /* Frameworks */ = {
			isa = PBXFrameworksBuildPhase;
			buildActionMask = 2147483647;
			files = (
			);
			runOnlyForDeploymentPostprocessing = 0;
		};
/* End PBXFrameworksBuildPhase section */

/* Begin PBXGroup section */
		B09D940423AB54E8009684E7 = {
			isa = PBXGroup;
			children = (
				B09D940F23AB54E8009684E7 /* Baitap03 */,
				B09D940E23AB54E8009684E7 /* Products */,
			);
			sourceTree = "<group>";
		};
		B09D940E23AB54E8009684E7 /* Products */ = {
			isa = PBXGroup;
			children = (
				B09D940D23AB54E8009684E7 /* Baitap03.app */,
			);
			name = Products;
			sourceTree = "<group>";
		};
		B09D940F23AB54E8009684E7 /* Baitap03 */ = {
			isa = PBXGroup;
			children = (
				B09D941023AB54E8009684E7 /* AppDelegate.swift */,
				B09D941223AB54E8009684E7 /* SceneDelegate.swift */,
				B09D941923AB54E9009684E7 /* Assets.xcassets */,
				B09D941B23AB54E9009684E7 /* LaunchScreen.storyboard */,
				B09D941E23AB54E9009684E7 /* Info.plist */,
				B09D942423AB5534009684E7 /* HomeViewController.swift */,
				B09D942523AB5534009684E7 /* HomeViewController.xib */,
				B09D942C23AB5744009684E7 /* BadgeNumberButton.swift */,
				B09D942A23AB55A2009684E7 /* BadgeNumberButton.xib */,
			);
			path = Baitap03;
			sourceTree = "<group>";
		};
/* End PBXGroup section */

/* Begin PBXNativeTarget section */
		B09D940C23AB54E8009684E7 /* Baitap03 */ = {
			isa = PBXNativeTarget;
			buildConfigurationList = B09D942123AB54E9009684E7 /* Build configuration list for PBXNativeTarget "Baitap03" */;
			buildPhases = (
				B09D940923AB54E8009684E7 /* Sources */,
				B09D940A23AB54E8009684E7 /* Frameworks */,
				B09D940B23AB54E8009684E7 /* Resources */,
			);
			buildRules = (
			);
			dependencies = (
			);
			name = Baitap03;
			productName = Baitap03;
			productReference = B09D940D23AB54E8009684E7 /* Baitap03.app */;
			productType = "com.apple.product-type.application";
		};
/* End PBXNativeTarget section */

/* Begin PBXProject section */
		B09D940523AB54E8009684E7 /* Project object */ = {
			isa = PBXProject;
			attributes = {
				LastSwiftUpdateCheck = 1120;
				LastUpgradeCheck = 1120;
				ORGANIZATIONNAME = PCI0008;
				TargetAttributes = {
					B09D940C23AB54E8009684E7 = {
						CreatedOnToolsVersion = 11.2.1;
					};
				};
			};
			buildConfigurationList = B09D940823AB54E8009684E7 /* Build configuration list for PBXProject "Baitap03" */;
			compatibilityVersion = "Xcode 9.3";
			developmentRegion = en;
			hasScannedForEncodings = 0;
			knownRegions = (
				en,
				Base,
			);
			mainGroup = B09D940423AB54E8009684E7;
			productRefGroup = B09D940E23AB54E8009684E7 /* Products */;
			projectDirPath = "";
			projectRoot = "";
			targets = (
				B09D940C23AB54E8009684E7 /* Baitap03 */,
			);
		};
/* End PBXProject section */

/* Begin PBXResourcesBuildPhase section */
		B09D940B23AB54E8009684E7 /* Resources */ = {
			isa = PBXResourcesBuildPhase;
			buildActionMask = 2147483647;
			files = (
				B09D941D23AB54E9009684E7 /* LaunchScreen.storyboard in Resources */,
				B09D941A23AB54E9009684E7 /* Assets.xcassets in Resources */,
				B09D942B23AB55A2009684E7 /* BadgeNumberButton.xib in Resources */,
				B09D942723AB5534009684E7 /* HomeViewController.xib in Resources */,
			);
			runOnlyForDeploymentPostprocessing = 0;
		};
/* End PBXResourcesBuildPhase section */

/* Begin PBXSourcesBuildPhase section */
		B09D940923AB54E8009684E7 /* Sources */ = {
			isa = PBXSourcesBuildPhase;
			buildActionMask = 2147483647;
			files = (
				B09D941123AB54E8009684E7 /* AppDelegate.swift in Sources */,
				B09D941323AB54E8009684E7 /* SceneDelegate.swift in Sources */,
				B09D942D23AB5744009684E7 /* BadgeNumberButton.swift in Sources */,
				B09D942623AB5534009684E7 /* HomeViewController.swift in Sources */,
			);
			runOnlyForDeploymentPostprocessing = 0;
		};
/* End PBXSourcesBuildPhase section */

/* Begin PBXVariantGroup section */
		B09D941B23AB54E9009684E7 /* LaunchScreen.storyboard */ = {
			isa = PBXVariantGroup;
			children = (
				B09D941C23AB54E9009684E7 /* Base */,
			);
			name = LaunchScreen.storyboard;
			sourceTree = "<group>";
		};
/* End PBXVariantGroup section */

/* Begin XCBuildConfiguration section */
		B09D941F23AB54E9009684E7 /* Debug */ = {
			isa = XCBuildConfiguration;
			buildSettings = {
				ALWAYS_SEARCH_USER_PATHS = NO;
				CLANG_ANALYZER_NONNULL = YES;
				CLANG_ANALYZER_NUMBER_OBJECT_CONVERSION = YES_AGGRESSIVE;
				CLANG_CXX_LANGUAGE_STANDARD = "gnu++14";
				CLANG_CXX_LIBRARY = "libc++";
				CLANG_ENABLE_MODULES = YES;
				CLANG_ENABLE_OBJC_ARC = YES;
				CLANG_ENABLE_OBJC_WEAK = YES;
				CLANG_WARN_BLOCK_CAPTURE_AUTORELEASING = YES;
				CLANG_WARN_BOOL_CONVERSION = YES;
				CLANG_WARN_COMMA = YES;
				CLANG_WARN_CONSTANT_CONVERSION = YES;
				CLANG_WARN_DEPRECATED_OBJC_IMPLEMENTATIONS = YES;
				CLANG_WARN_DIRECT_OBJC_ISA_USAGE = YES_ERROR;
				CLANG_WARN_DOCUMENTATION_COMMENTS = YES;
				CLANG_WARN_EMPTY_BODY = YES;
				CLANG_WARN_ENUM_CONVERSION = YES;
				CLANG_WARN_INFINITE_RECURSION = YES;
				CLANG_WARN_INT_CONVERSION = YES;
				CLANG_WARN_NON_LITERAL_NULL_CONVERSION = YES;
				CLANG_WARN_OBJC_IMPLICIT_RETAIN_SELF = YES;
				CLANG_WARN_OBJC_LITERAL_CONVERSION = YES;
				CLANG_WARN_OBJC_ROOT_CLASS = YES_ERROR;
				CLANG_WARN_RANGE_LOOP_ANALYSIS = YES;
				CLANG_WARN_STRICT_PROTOTYPES = YES;
				CLANG_WARN_SUSPICIOUS_MOVE = YES;
				CLANG_WARN_UNGUARDED_AVAILABILITY = YES_AGGRESSIVE;
				CLANG_WARN_UNREACHABLE_CODE = YES;
				CLANG_WARN__DUPLICATE_METHOD_MATCH = YES;
				COPY_PHASE_STRIP = NO;
				DEBUG_INFORMATION_FORMAT = dwarf;
				ENABLE_STRICT_OBJC_MSGSEND = YES;
				ENABLE_TESTABILITY = YES;
				GCC_C_LANGUAGE_STANDARD = gnu11;
				GCC_DYNAMIC_NO_PIC = NO;
				GCC_NO_COMMON_BLOCKS = YES;
				GCC_OPTIMIZATION_LEVEL = 0;
				GCC_PREPROCESSOR_DEFINITIONS = (
					"DEBUG=1",
					"$(inherited)",
				);
				GCC_WARN_64_TO_32_BIT_CONVERSION = YES;
				GCC_WARN_ABOUT_RETURN_TYPE = YES_ERROR;
				GCC_WARN_UNDECLARED_SELECTOR = YES;
				GCC_WARN_UNINITIALIZED_AUTOS = YES_AGGRESSIVE;
				GCC_WARN_UNUSED_FUNCTION = YES;
				GCC_WARN_UNUSED_VARIABLE = YES;
				IPHONEOS_DEPLOYMENT_TARGET = 13.2;
				MTL_ENABLE_DEBUG_INFO = INCLUDE_SOURCE;
				MTL_FAST_MATH = YES;
				ONLY_ACTIVE_ARCH = YES;
				SDKROOT = iphoneos;
				SWIFT_ACTIVE_COMPILATION_CONDITIONS = DEBUG;
				SWIFT_OPTIMIZATION_LEVEL = "-Onone";
			};
			name = Debug;
		};
		B09D942023AB54E9009684E7 /* Release */ = {
			isa = XCBuildConfiguration;
			buildSettings = {
				ALWAYS_SEARCH_USER_PATHS = NO;
				CLANG_ANALYZER_NONNULL = YES;
				CLANG_ANALYZER_NUMBER_OBJECT_CONVERSION = YES_AGGRESSIVE;
				CLANG_CXX_LANGUAGE_STANDARD = "gnu++14";
				CLANG_CXX_LIBRARY = "libc++";
				CLANG_ENABLE_MODULES = YES;
				CLANG_ENABLE_OBJC_ARC = YES;
				CLANG_ENABLE_OBJC_WEAK = YES;
				CLANG_WARN_BLOCK_CAPTURE_AUTORELEASING = YES;
				CLANG_WARN_BOOL_CONVERSION = YES;
				CLANG_WARN_COMMA = YES;
				CLANG_WARN_CONSTANT_CONVERSION = YES;
				CLANG_WARN_DEPRECATED_OBJC_IMPLEMENTATIONS = YES;
				CLANG_WARN_DIRECT_OBJC_ISA_USAGE = YES_ERROR;
				CLANG_WARN_DOCUMENTATION_COMMENTS = YES;
				CLANG_WARN_EMPTY_BODY = YES;
				CLANG_WARN_ENUM_CONVERSION = YES;
				CLANG_WARN_INFINITE_RECURSION = YES;
				CLANG_WARN_INT_CONVERSION = YES;
				CLANG_WARN_NON_LITERAL_NULL_CONVERSION = YES;
				CLANG_WARN_OBJC_IMPLICIT_RETAIN_SELF = YES;
				CLANG_WARN_OBJC_LITERAL_CONVERSION = YES;
				CLANG_WARN_OBJC_ROOT_CLASS = YES_ERROR;
				CLANG_WARN_RANGE_LOOP_ANALYSIS = YES;
				CLANG_WARN_STRICT_PROTOTYPES = YES;
				CLANG_WARN_SUSPICIOUS_MOVE = YES;
				CLANG_WARN_UNGUARDED_AVAILABILITY = YES_AGGRESSIVE;
				CLANG_WARN_UNREACHABLE_CODE = YES;
				CLANG_WARN__DUPLICATE_METHOD_MATCH = YES;
				COPY_PHASE_STRIP = NO;
				DEBUG_INFORMATION_FORMAT = "dwarf-with-dsym";
				ENABLE_NS_ASSERTIONS = NO;
				ENABLE_STRICT_OBJC_MSGSEND = YES;
				GCC_C_LANGUAGE_STANDARD = gnu11;
				GCC_NO_COMMON_BLOCKS = YES;
				GCC_WARN_64_TO_32_BIT_CONVERSION = YES;
				GCC_WARN_ABOUT_RETURN_TYPE = YES_ERROR;
				GCC_WARN_UNDECLARED_SELECTOR = YES;
				GCC_WARN_UNINITIALIZED_AUTOS = YES_AGGRESSIVE;
				GCC_WARN_UNUSED_FUNCTION = YES;
				GCC_WARN_UNUSED_VARIABLE = YES;
				IPHONEOS_DEPLOYMENT_TARGET = 13.2;
				MTL_ENABLE_DEBUG_INFO = NO;
				MTL_FAST_MATH = YES;
				SDKROOT = iphoneos;
				SWIFT_COMPILATION_MODE = wholemodule;
				SWIFT_OPTIMIZATION_LEVEL = "-O";
				VALIDATE_PRODUCT = YES;
			};
			name = Release;
		};
		B09D942223AB54E9009684E7 /* Debug */ = {
			isa = XCBuildConfiguration;
			buildSettings = {
				ASSETCATALOG_COMPILER_APPICON_NAME = AppIcon;
				CODE_SIGN_STYLE = Automatic;
				INFOPLIST_FILE = Baitap03/Info.plist;
				LD_RUNPATH_SEARCH_PATHS = (
					"$(inherited)",
					"@executable_path/Frameworks",
				);
				PRODUCT_BUNDLE_IDENTIFIER = asiantech.Baitap03;
				PRODUCT_NAME = "$(TARGET_NAME)";
				SWIFT_VERSION = 5.0;
				TARGETED_DEVICE_FAMILY = "1,2";
			};
			name = Debug;
		};
		B09D942323AB54E9009684E7 /* Release */ = {
			isa = XCBuildConfiguration;
			buildSettings = {
				ASSETCATALOG_COMPILER_APPICON_NAME = AppIcon;
				CODE_SIGN_STYLE = Automatic;
				INFOPLIST_FILE = Baitap03/Info.plist;
				LD_RUNPATH_SEARCH_PATHS = (
					"$(inherited)",
					"@executable_path/Frameworks",
				);
				PRODUCT_BUNDLE_IDENTIFIER = asiantech.Baitap03;
				PRODUCT_NAME = "$(TARGET_NAME)";
				SWIFT_VERSION = 5.0;
				TARGETED_DEVICE_FAMILY = "1,2";
			};
			name = Release;
		};
/* End XCBuildConfiguration section */

/* Begin XCConfigurationList section */
		B09D940823AB54E8009684E7 /* Build configuration list for PBXProject "Baitap03" */ = {
			isa = XCConfigurationList;
			buildConfigurations = (
				B09D941F23AB54E9009684E7 /* Debug */,
				B09D942023AB54E9009684E7 /* Release */,
			);
			defaultConfigurationIsVisible = 0;
			defaultConfigurationName = Release;
		};
		B09D942123AB54E9009684E7 /* Build configuration list for PBXNativeTarget "Baitap03" */ = {
			isa = XCConfigurationList;
			buildConfigurations = (
				B09D942223AB54E9009684E7 /* Debug */,
				B09D942323AB54E9009684E7 /* Release */,
			);
			defaultConfigurationIsVisible = 0;
			defaultConfigurationName = Release;
		};
/* End XCConfigurationList section */
	};
	rootObject = B09D940523AB54E8009684E7 /* Project object */;
}
