// !$*UTF8*$!
{
	archiveVersion = 1;
	classes = {
	};
	objectVersion = 50;
	objects = {

/* Begin PBXBuildFile section */
		F0338663238BB2D700115CB9 /* AppDelegate.swift in Sources */ = {isa = PBXBuildFile; fileRef = F0338662238BB2D700115CB9 /* AppDelegate.swift */; };
		F0338665238BB2D700115CB9 /* SceneDelegate.swift in Sources */ = {isa = PBXBuildFile; fileRef = F0338664238BB2D700115CB9 /* SceneDelegate.swift */; };
		F033866C238BB2D800115CB9 /* Assets.xcassets in Resources */ = {isa = PBXBuildFile; fileRef = F033866B238BB2D800115CB9 /* Assets.xcassets */; };
		F033866F238BB2D800115CB9 /* LaunchScreen.storyboard in Resources */ = {isa = PBXBuildFile; fileRef = F033866D238BB2D800115CB9 /* LaunchScreen.storyboard */; };
		F033867F238BD64500115CB9 /* CalculatorViewController.swift in Sources */ = {isa = PBXBuildFile; fileRef = F033867D238BD64500115CB9 /* CalculatorViewController.swift */; };
		F0338680238BD64500115CB9 /* CalculatorViewController.xib in Resources */ = {isa = PBXBuildFile; fileRef = F033867E238BD64500115CB9 /* CalculatorViewController.xib */; };
		FF81B9E7238C2D340090BD5A /* Number.swift in Sources */ = {isa = PBXBuildFile; fileRef = FF81B9E6238C2D340090BD5A /* Number.swift */; };
		FF81B9E9238C2D4A0090BD5A /* Operator.swift in Sources */ = {isa = PBXBuildFile; fileRef = FF81B9E8238C2D4A0090BD5A /* Operator.swift */; };
/* End PBXBuildFile section */

/* Begin PBXFileReference section */
		F033865F238BB2D700115CB9 /* CalculatorMVC.app */ = {isa = PBXFileReference; explicitFileType = wrapper.application; includeInIndex = 0; path = CalculatorMVC.app; sourceTree = BUILT_PRODUCTS_DIR; };
		F0338662238BB2D700115CB9 /* AppDelegate.swift */ = {isa = PBXFileReference; lastKnownFileType = sourcecode.swift; path = AppDelegate.swift; sourceTree = "<group>"; };
		F0338664238BB2D700115CB9 /* SceneDelegate.swift */ = {isa = PBXFileReference; lastKnownFileType = sourcecode.swift; path = SceneDelegate.swift; sourceTree = "<group>"; };
		F033866B238BB2D800115CB9 /* Assets.xcassets */ = {isa = PBXFileReference; lastKnownFileType = folder.assetcatalog; path = Assets.xcassets; sourceTree = "<group>"; };
		F033866E238BB2D800115CB9 /* Base */ = {isa = PBXFileReference; lastKnownFileType = file.storyboard; name = Base; path = Base.lproj/LaunchScreen.storyboard; sourceTree = "<group>"; };
		F0338670238BB2D800115CB9 /* Info.plist */ = {isa = PBXFileReference; lastKnownFileType = text.plist.xml; path = Info.plist; sourceTree = "<group>"; };
		F033867D238BD64500115CB9 /* CalculatorViewController.swift */ = {isa = PBXFileReference; lastKnownFileType = sourcecode.swift; path = CalculatorViewController.swift; sourceTree = "<group>"; };
		F033867E238BD64500115CB9 /* CalculatorViewController.xib */ = {isa = PBXFileReference; lastKnownFileType = file.xib; path = CalculatorViewController.xib; sourceTree = "<group>"; };
		FF81B9E6238C2D340090BD5A /* Number.swift */ = {isa = PBXFileReference; lastKnownFileType = sourcecode.swift; path = Number.swift; sourceTree = "<group>"; };
		FF81B9E8238C2D4A0090BD5A /* Operator.swift */ = {isa = PBXFileReference; lastKnownFileType = sourcecode.swift; path = Operator.swift; sourceTree = "<group>"; };
/* End PBXFileReference section */

/* Begin PBXFrameworksBuildPhase section */
		F033865C238BB2D700115CB9 /* Frameworks */ = {
			isa = PBXFrameworksBuildPhase;
			buildActionMask = 2147483647;
			files = (
			);
			runOnlyForDeploymentPostprocessing = 0;
		};
/* End PBXFrameworksBuildPhase section */

/* Begin PBXGroup section */
		F0338656238BB2D700115CB9 = {
			isa = PBXGroup;
			children = (
				F0338661238BB2D700115CB9 /* CalculatorMVC */,
				F0338660238BB2D700115CB9 /* Products */,
			);
			sourceTree = "<group>";
		};
		F0338660238BB2D700115CB9 /* Products */ = {
			isa = PBXGroup;
			children = (
				F033865F238BB2D700115CB9 /* CalculatorMVC.app */,
			);
			name = Products;
			sourceTree = "<group>";
		};
		F0338661238BB2D700115CB9 /* CalculatorMVC */ = {
			isa = PBXGroup;
			children = (
				F0338678238BD42E00115CB9 /* Models */,
				F0338677238BD42100115CB9 /* Controller */,
				F0338662238BB2D700115CB9 /* AppDelegate.swift */,
				F0338664238BB2D700115CB9 /* SceneDelegate.swift */,
				F033866B238BB2D800115CB9 /* Assets.xcassets */,
				F033866D238BB2D800115CB9 /* LaunchScreen.storyboard */,
				F0338670238BB2D800115CB9 /* Info.plist */,
			);
			path = CalculatorMVC;
			sourceTree = "<group>";
		};
		F0338677238BD42100115CB9 /* Controller */ = {
			isa = PBXGroup;
			children = (
				F033867D238BD64500115CB9 /* CalculatorViewController.swift */,
				F033867E238BD64500115CB9 /* CalculatorViewController.xib */,
			);
			path = Controller;
			sourceTree = "<group>";
		};
		F0338678238BD42E00115CB9 /* Models */ = {
			isa = PBXGroup;
			children = (
				FF81B9E6238C2D340090BD5A /* Number.swift */,
				FF81B9E8238C2D4A0090BD5A /* Operator.swift */,
			);
			path = Models;
			sourceTree = "<group>";
		};
/* End PBXGroup section */

/* Begin PBXNativeTarget section */
		F033865E238BB2D700115CB9 /* CalculatorMVC */ = {
			isa = PBXNativeTarget;
			buildConfigurationList = F0338673238BB2D800115CB9 /* Build configuration list for PBXNativeTarget "CalculatorMVC" */;
			buildPhases = (
				F033865B238BB2D700115CB9 /* Sources */,
				F033865C238BB2D700115CB9 /* Frameworks */,
				F033865D238BB2D700115CB9 /* Resources */,
			);
			buildRules = (
			);
			dependencies = (
			);
			name = CalculatorMVC;
			productName = CalculatorMVC;
			productReference = F033865F238BB2D700115CB9 /* CalculatorMVC.app */;
			productType = "com.apple.product-type.application";
		};
/* End PBXNativeTarget section */

/* Begin PBXProject section */
		F0338657238BB2D700115CB9 /* Project object */ = {
			isa = PBXProject;
			attributes = {
				LastSwiftUpdateCheck = 1120;
				LastUpgradeCheck = 1120;
				ORGANIZATIONNAME = TranVanTien;
				TargetAttributes = {
					F033865E238BB2D700115CB9 = {
						CreatedOnToolsVersion = 11.2;
					};
				};
			};
			buildConfigurationList = F033865A238BB2D700115CB9 /* Build configuration list for PBXProject "CalculatorMVC" */;
			compatibilityVersion = "Xcode 9.3";
			developmentRegion = en;
			hasScannedForEncodings = 0;
			knownRegions = (
				en,
				Base,
			);
			mainGroup = F0338656238BB2D700115CB9;
			productRefGroup = F0338660238BB2D700115CB9 /* Products */;
			projectDirPath = "";
			projectRoot = "";
			targets = (
				F033865E238BB2D700115CB9 /* CalculatorMVC */,
			);
		};
/* End PBXProject section */

/* Begin PBXResourcesBuildPhase section */
		F033865D238BB2D700115CB9 /* Resources */ = {
			isa = PBXResourcesBuildPhase;
			buildActionMask = 2147483647;
			files = (
				F033866F238BB2D800115CB9 /* LaunchScreen.storyboard in Resources */,
				F0338680238BD64500115CB9 /* CalculatorViewController.xib in Resources */,
				F033866C238BB2D800115CB9 /* Assets.xcassets in Resources */,
			);
			runOnlyForDeploymentPostprocessing = 0;
		};
/* End PBXResourcesBuildPhase section */

/* Begin PBXSourcesBuildPhase section */
		F033865B238BB2D700115CB9 /* Sources */ = {
			isa = PBXSourcesBuildPhase;
			buildActionMask = 2147483647;
			files = (
				FF81B9E7238C2D340090BD5A /* Number.swift in Sources */,
				F0338663238BB2D700115CB9 /* AppDelegate.swift in Sources */,
				FF81B9E9238C2D4A0090BD5A /* Operator.swift in Sources */,
				F033867F238BD64500115CB9 /* CalculatorViewController.swift in Sources */,
				F0338665238BB2D700115CB9 /* SceneDelegate.swift in Sources */,
			);
			runOnlyForDeploymentPostprocessing = 0;
		};
/* End PBXSourcesBuildPhase section */

/* Begin PBXVariantGroup section */
		F033866D238BB2D800115CB9 /* LaunchScreen.storyboard */ = {
			isa = PBXVariantGroup;
			children = (
				F033866E238BB2D800115CB9 /* Base */,
			);
			name = LaunchScreen.storyboard;
			sourceTree = "<group>";
		};
/* End PBXVariantGroup section */

/* Begin XCBuildConfiguration section */
		F0338671238BB2D800115CB9 /* Debug */ = {
			isa = XCBuildConfiguration;
			buildSettings = {
				ALWAYS_SEARCH_USER_PATHS = NO;
				CLANG_ANALYZER_NONNULL = YES;
				CLANG_ANALYZER_NUMBER_OBJECT_CONVERSION = YES_AGGRESSIVE;
				CLANG_CXX_LANGUAGE_STANDARD = "gnu++14";
				CLANG_CXX_LIBRARY = "libc++";
				CLANG_ENABLE_MODULES = YES;
				CLANG_ENABLE_OBJC_ARC = YES;
				CLANG_ENABLE_OBJC_WEAK = YES;
				CLANG_WARN_BLOCK_CAPTURE_AUTORELEASING = YES;
				CLANG_WARN_BOOL_CONVERSION = YES;
				CLANG_WARN_COMMA = YES;
				CLANG_WARN_CONSTANT_CONVERSION = YES;
				CLANG_WARN_DEPRECATED_OBJC_IMPLEMENTATIONS = YES;
				CLANG_WARN_DIRECT_OBJC_ISA_USAGE = YES_ERROR;
				CLANG_WARN_DOCUMENTATION_COMMENTS = YES;
				CLANG_WARN_EMPTY_BODY = YES;
				CLANG_WARN_ENUM_CONVERSION = YES;
				CLANG_WARN_INFINITE_RECURSION = YES;
				CLANG_WARN_INT_CONVERSION = YES;
				CLANG_WARN_NON_LITERAL_NULL_CONVERSION = YES;
				CLANG_WARN_OBJC_IMPLICIT_RETAIN_SELF = YES;
				CLANG_WARN_OBJC_LITERAL_CONVERSION = YES;
				CLANG_WARN_OBJC_ROOT_CLASS = YES_ERROR;
				CLANG_WARN_RANGE_LOOP_ANALYSIS = YES;
				CLANG_WARN_STRICT_PROTOTYPES = YES;
				CLANG_WARN_SUSPICIOUS_MOVE = YES;
				CLANG_WARN_UNGUARDED_AVAILABILITY = YES_AGGRESSIVE;
				CLANG_WARN_UNREACHABLE_CODE = YES;
				CLANG_WARN__DUPLICATE_METHOD_MATCH = YES;
				COPY_PHASE_STRIP = NO;
				DEBUG_INFORMATION_FORMAT = dwarf;
				ENABLE_STRICT_OBJC_MSGSEND = YES;
				ENABLE_TESTABILITY = YES;
				GCC_C_LANGUAGE_STANDARD = gnu11;
				GCC_DYNAMIC_NO_PIC = NO;
				GCC_NO_COMMON_BLOCKS = YES;
				GCC_OPTIMIZATION_LEVEL = 0;
				GCC_PREPROCESSOR_DEFINITIONS = (
					"DEBUG=1",
					"$(inherited)",
				);
				GCC_WARN_64_TO_32_BIT_CONVERSION = YES;
				GCC_WARN_ABOUT_RETURN_TYPE = YES_ERROR;
				GCC_WARN_UNDECLARED_SELECTOR = YES;
				GCC_WARN_UNINITIALIZED_AUTOS = YES_AGGRESSIVE;
				GCC_WARN_UNUSED_FUNCTION = YES;
				GCC_WARN_UNUSED_VARIABLE = YES;
				IPHONEOS_DEPLOYMENT_TARGET = 13.2;
				MTL_ENABLE_DEBUG_INFO = INCLUDE_SOURCE;
				MTL_FAST_MATH = YES;
				ONLY_ACTIVE_ARCH = YES;
				SDKROOT = iphoneos;
				SWIFT_ACTIVE_COMPILATION_CONDITIONS = DEBUG;
				SWIFT_OPTIMIZATION_LEVEL = "-Onone";
			};
			name = Debug;
		};
		F0338672238BB2D800115CB9 /* Release */ = {
			isa = XCBuildConfiguration;
			buildSettings = {
				ALWAYS_SEARCH_USER_PATHS = NO;
				CLANG_ANALYZER_NONNULL = YES;
				CLANG_ANALYZER_NUMBER_OBJECT_CONVERSION = YES_AGGRESSIVE;
				CLANG_CXX_LANGUAGE_STANDARD = "gnu++14";
				CLANG_CXX_LIBRARY = "libc++";
				CLANG_ENABLE_MODULES = YES;
				CLANG_ENABLE_OBJC_ARC = YES;
				CLANG_ENABLE_OBJC_WEAK = YES;
				CLANG_WARN_BLOCK_CAPTURE_AUTORELEASING = YES;
				CLANG_WARN_BOOL_CONVERSION = YES;
				CLANG_WARN_COMMA = YES;
				CLANG_WARN_CONSTANT_CONVERSION = YES;
				CLANG_WARN_DEPRECATED_OBJC_IMPLEMENTATIONS = YES;
				CLANG_WARN_DIRECT_OBJC_ISA_USAGE = YES_ERROR;
				CLANG_WARN_DOCUMENTATION_COMMENTS = YES;
				CLANG_WARN_EMPTY_BODY = YES;
				CLANG_WARN_ENUM_CONVERSION = YES;
				CLANG_WARN_INFINITE_RECURSION = YES;
				CLANG_WARN_INT_CONVERSION = YES;
				CLANG_WARN_NON_LITERAL_NULL_CONVERSION = YES;
				CLANG_WARN_OBJC_IMPLICIT_RETAIN_SELF = YES;
				CLANG_WARN_OBJC_LITERAL_CONVERSION = YES;
				CLANG_WARN_OBJC_ROOT_CLASS = YES_ERROR;
				CLANG_WARN_RANGE_LOOP_ANALYSIS = YES;
				CLANG_WARN_STRICT_PROTOTYPES = YES;
				CLANG_WARN_SUSPICIOUS_MOVE = YES;
				CLANG_WARN_UNGUARDED_AVAILABILITY = YES_AGGRESSIVE;
				CLANG_WARN_UNREACHABLE_CODE = YES;
				CLANG_WARN__DUPLICATE_METHOD_MATCH = YES;
				COPY_PHASE_STRIP = NO;
				DEBUG_INFORMATION_FORMAT = "dwarf-with-dsym";
				ENABLE_NS_ASSERTIONS = NO;
				ENABLE_STRICT_OBJC_MSGSEND = YES;
				GCC_C_LANGUAGE_STANDARD = gnu11;
				GCC_NO_COMMON_BLOCKS = YES;
				GCC_WARN_64_TO_32_BIT_CONVERSION = YES;
				GCC_WARN_ABOUT_RETURN_TYPE = YES_ERROR;
				GCC_WARN_UNDECLARED_SELECTOR = YES;
				GCC_WARN_UNINITIALIZED_AUTOS = YES_AGGRESSIVE;
				GCC_WARN_UNUSED_FUNCTION = YES;
				GCC_WARN_UNUSED_VARIABLE = YES;
				IPHONEOS_DEPLOYMENT_TARGET = 13.2;
				MTL_ENABLE_DEBUG_INFO = NO;
				MTL_FAST_MATH = YES;
				SDKROOT = iphoneos;
				SWIFT_COMPILATION_MODE = wholemodule;
				SWIFT_OPTIMIZATION_LEVEL = "-O";
				VALIDATE_PRODUCT = YES;
			};
			name = Release;
		};
		F0338674238BB2D800115CB9 /* Debug */ = {
			isa = XCBuildConfiguration;
			buildSettings = {
				ASSETCATALOG_COMPILER_APPICON_NAME = AppIcon;
				CODE_SIGN_STYLE = Automatic;
				DEVELOPMENT_TEAM = PZSS652ZAC;
				INFOPLIST_FILE = CalculatorMVC/Info.plist;
				LD_RUNPATH_SEARCH_PATHS = (
					"$(inherited)",
					"@executable_path/Frameworks",
				);
				PRODUCT_BUNDLE_IDENTIFIER = com.lybkit.CalculatorMVC;
				PRODUCT_NAME = "$(TARGET_NAME)";
				SWIFT_VERSION = 5.0;
				TARGETED_DEVICE_FAMILY = "1,2";
			};
			name = Debug;
		};
		F0338675238BB2D800115CB9 /* Release */ = {
			isa = XCBuildConfiguration;
			buildSettings = {
				ASSETCATALOG_COMPILER_APPICON_NAME = AppIcon;
				CODE_SIGN_STYLE = Automatic;
				DEVELOPMENT_TEAM = PZSS652ZAC;
				INFOPLIST_FILE = CalculatorMVC/Info.plist;
				LD_RUNPATH_SEARCH_PATHS = (
					"$(inherited)",
					"@executable_path/Frameworks",
				);
				PRODUCT_BUNDLE_IDENTIFIER = com.lybkit.CalculatorMVC;
				PRODUCT_NAME = "$(TARGET_NAME)";
				SWIFT_VERSION = 5.0;
				TARGETED_DEVICE_FAMILY = "1,2";
			};
			name = Release;
		};
/* End XCBuildConfiguration section */

/* Begin XCConfigurationList section */
		F033865A238BB2D700115CB9 /* Build configuration list for PBXProject "CalculatorMVC" */ = {
			isa = XCConfigurationList;
			buildConfigurations = (
				F0338671238BB2D800115CB9 /* Debug */,
				F0338672238BB2D800115CB9 /* Release */,
			);
			defaultConfigurationIsVisible = 0;
			defaultConfigurationName = Release;
		};
		F0338673238BB2D800115CB9 /* Build configuration list for PBXNativeTarget "CalculatorMVC" */ = {
			isa = XCConfigurationList;
			buildConfigurations = (
				F0338674238BB2D800115CB9 /* Debug */,
				F0338675238BB2D800115CB9 /* Release */,
			);
			defaultConfigurationIsVisible = 0;
			defaultConfigurationName = Release;
		};
/* End XCConfigurationList section */
	};
	rootObject = F0338657238BB2D700115CB9 /* Project object */;
}
