// !$*UTF8*$!
{
	archiveVersion = 1;
	classes = {
	};
	objectVersion = 50;
	objects = {

/* Begin PBXBuildFile section */
		B0B781FA23CF05560098759E /* AppDelegate.swift in Sources */ = {isa = PBXBuildFile; fileRef = B0B781F923CF05560098759E /* AppDelegate.swift */; };
		B0B781FC23CF05560098759E /* SceneDelegate.swift in Sources */ = {isa = PBXBuildFile; fileRef = B0B781FB23CF05560098759E /* SceneDelegate.swift */; };
		B0B7820323CF05570098759E /* Assets.xcassets in Resources */ = {isa = PBXBuildFile; fileRef = B0B7820223CF05570098759E /* Assets.xcassets */; };
		B0B7820623CF05570098759E /* LaunchScreen.storyboard in Resources */ = {isa = PBXBuildFile; fileRef = B0B7820423CF05570098759E /* LaunchScreen.storyboard */; };
		B0B7820F23CF05790098759E /* HomeViewController.swift in Sources */ = {isa = PBXBuildFile; fileRef = B0B7820D23CF05790098759E /* HomeViewController.swift */; };
		B0B7821023CF05790098759E /* HomeViewController.xib in Resources */ = {isa = PBXBuildFile; fileRef = B0B7820E23CF05790098759E /* HomeViewController.xib */; };
		B0B7821723CF05E20098759E /* CustomCollectionViewCell.swift in Sources */ = {isa = PBXBuildFile; fileRef = B0B7821523CF05E20098759E /* CustomCollectionViewCell.swift */; };
		B0B7821823CF05E20098759E /* CustomCollectionViewCell.xib in Resources */ = {isa = PBXBuildFile; fileRef = B0B7821623CF05E20098759E /* CustomCollectionViewCell.xib */; };
		B0B7821F23CF071C0098759E /* HeaderReusableView.swift in Sources */ = {isa = PBXBuildFile; fileRef = B0B7821D23CF071C0098759E /* HeaderReusableView.swift */; };
		B0B7822023CF071C0098759E /* HeaderReusableView.xib in Resources */ = {isa = PBXBuildFile; fileRef = B0B7821E23CF071C0098759E /* HeaderReusableView.xib */; };
/* End PBXBuildFile section */

/* Begin PBXFileReference section */
		B0B781F623CF05560098759E /* Baitap03.app */ = {isa = PBXFileReference; explicitFileType = wrapper.application; includeInIndex = 0; path = Baitap03.app; sourceTree = BUILT_PRODUCTS_DIR; };
		B0B781F923CF05560098759E /* AppDelegate.swift */ = {isa = PBXFileReference; lastKnownFileType = sourcecode.swift; path = AppDelegate.swift; sourceTree = "<group>"; };
		B0B781FB23CF05560098759E /* SceneDelegate.swift */ = {isa = PBXFileReference; lastKnownFileType = sourcecode.swift; path = SceneDelegate.swift; sourceTree = "<group>"; };
		B0B7820223CF05570098759E /* Assets.xcassets */ = {isa = PBXFileReference; lastKnownFileType = folder.assetcatalog; path = Assets.xcassets; sourceTree = "<group>"; };
		B0B7820523CF05570098759E /* Base */ = {isa = PBXFileReference; lastKnownFileType = file.storyboard; name = Base; path = Base.lproj/LaunchScreen.storyboard; sourceTree = "<group>"; };
		B0B7820723CF05570098759E /* Info.plist */ = {isa = PBXFileReference; lastKnownFileType = text.plist.xml; path = Info.plist; sourceTree = "<group>"; };
		B0B7820D23CF05790098759E /* HomeViewController.swift */ = {isa = PBXFileReference; lastKnownFileType = sourcecode.swift; path = HomeViewController.swift; sourceTree = "<group>"; };
		B0B7820E23CF05790098759E /* HomeViewController.xib */ = {isa = PBXFileReference; lastKnownFileType = file.xib; path = HomeViewController.xib; sourceTree = "<group>"; };
		B0B7821523CF05E20098759E /* CustomCollectionViewCell.swift */ = {isa = PBXFileReference; lastKnownFileType = sourcecode.swift; path = CustomCollectionViewCell.swift; sourceTree = "<group>"; };
		B0B7821623CF05E20098759E /* CustomCollectionViewCell.xib */ = {isa = PBXFileReference; lastKnownFileType = file.xib; path = CustomCollectionViewCell.xib; sourceTree = "<group>"; };
		B0B7821D23CF071C0098759E /* HeaderReusableView.swift */ = {isa = PBXFileReference; lastKnownFileType = sourcecode.swift; path = HeaderReusableView.swift; sourceTree = "<group>"; };
		B0B7821E23CF071C0098759E /* HeaderReusableView.xib */ = {isa = PBXFileReference; lastKnownFileType = file.xib; path = HeaderReusableView.xib; sourceTree = "<group>"; };
/* End PBXFileReference section */

/* Begin PBXFrameworksBuildPhase section */
		B0B781F323CF05560098759E /* Frameworks */ = {
			isa = PBXFrameworksBuildPhase;
			buildActionMask = 2147483647;
			files = (
			);
			runOnlyForDeploymentPostprocessing = 0;
		};
/* End PBXFrameworksBuildPhase section */

/* Begin PBXGroup section */
		B0B781ED23CF05560098759E = {
			isa = PBXGroup;
			children = (
				B0B781F823CF05560098759E /* Baitap03 */,
				B0B781F723CF05560098759E /* Products */,
			);
			sourceTree = "<group>";
		};
		B0B781F723CF05560098759E /* Products */ = {
			isa = PBXGroup;
			children = (
				B0B781F623CF05560098759E /* Baitap03.app */,
			);
			name = Products;
			sourceTree = "<group>";
		};
		B0B781F823CF05560098759E /* Baitap03 */ = {
			isa = PBXGroup;
			children = (
				B0B7821423CF05AB0098759E /* AppDelegates */,
				B0B7821323CF05A40098759E /* Views */,
				B0B7821223CF059B0098759E /* Controllers */,
				B0B7821123CF05940098759E /* Resource */,
				B0B7820423CF05570098759E /* LaunchScreen.storyboard */,
				B0B7820723CF05570098759E /* Info.plist */,
			);
			path = Baitap03;
			sourceTree = "<group>";
		};
		B0B7821123CF05940098759E /* Resource */ = {
			isa = PBXGroup;
			children = (
				B0B7820223CF05570098759E /* Assets.xcassets */,
			);
			path = Resource;
			sourceTree = "<group>";
		};
		B0B7821223CF059B0098759E /* Controllers */ = {
			isa = PBXGroup;
			children = (
				B0B7820D23CF05790098759E /* HomeViewController.swift */,
				B0B7820E23CF05790098759E /* HomeViewController.xib */,
			);
			path = Controllers;
			sourceTree = "<group>";
		};
		B0B7821323CF05A40098759E /* Views */ = {
			isa = PBXGroup;
			children = (
				B0B7821523CF05E20098759E /* CustomCollectionViewCell.swift */,
				B0B7821623CF05E20098759E /* CustomCollectionViewCell.xib */,
				B0B7821D23CF071C0098759E /* HeaderReusableView.swift */,
				B0B7821E23CF071C0098759E /* HeaderReusableView.xib */,
			);
			path = Views;
			sourceTree = "<group>";
		};
		B0B7821423CF05AB0098759E /* AppDelegates */ = {
			isa = PBXGroup;
			children = (
				B0B781F923CF05560098759E /* AppDelegate.swift */,
				B0B781FB23CF05560098759E /* SceneDelegate.swift */,
			);
			path = AppDelegates;
			sourceTree = "<group>";
		};
/* End PBXGroup section */

/* Begin PBXNativeTarget section */
		B0B781F523CF05560098759E /* Baitap03 */ = {
			isa = PBXNativeTarget;
			buildConfigurationList = B0B7820A23CF05570098759E /* Build configuration list for PBXNativeTarget "Baitap03" */;
			buildPhases = (
				B0B781F223CF05560098759E /* Sources */,
				B0B781F323CF05560098759E /* Frameworks */,
				B0B781F423CF05560098759E /* Resources */,
			);
			buildRules = (
			);
			dependencies = (
			);
			name = Baitap03;
			productName = Baitap03;
			productReference = B0B781F623CF05560098759E /* Baitap03.app */;
			productType = "com.apple.product-type.application";
		};
/* End PBXNativeTarget section */

/* Begin PBXProject section */
		B0B781EE23CF05560098759E /* Project object */ = {
			isa = PBXProject;
			attributes = {
				LastSwiftUpdateCheck = 1120;
				LastUpgradeCheck = 1120;
				ORGANIZATIONNAME = PCI0008;
				TargetAttributes = {
					B0B781F523CF05560098759E = {
						CreatedOnToolsVersion = 11.2.1;
					};
				};
			};
			buildConfigurationList = B0B781F123CF05560098759E /* Build configuration list for PBXProject "Baitap03" */;
			compatibilityVersion = "Xcode 9.3";
			developmentRegion = en;
			hasScannedForEncodings = 0;
			knownRegions = (
				en,
				Base,
			);
			mainGroup = B0B781ED23CF05560098759E;
			productRefGroup = B0B781F723CF05560098759E /* Products */;
			projectDirPath = "";
			projectRoot = "";
			targets = (
				B0B781F523CF05560098759E /* Baitap03 */,
			);
		};
/* End PBXProject section */

/* Begin PBXResourcesBuildPhase section */
		B0B781F423CF05560098759E /* Resources */ = {
			isa = PBXResourcesBuildPhase;
			buildActionMask = 2147483647;
			files = (
				B0B7820623CF05570098759E /* LaunchScreen.storyboard in Resources */,
				B0B7820323CF05570098759E /* Assets.xcassets in Resources */,
				B0B7822023CF071C0098759E /* HeaderReusableView.xib in Resources */,
				B0B7821023CF05790098759E /* HomeViewController.xib in Resources */,
				B0B7821823CF05E20098759E /* CustomCollectionViewCell.xib in Resources */,
			);
			runOnlyForDeploymentPostprocessing = 0;
		};
/* End PBXResourcesBuildPhase section */

/* Begin PBXSourcesBuildPhase section */
		B0B781F223CF05560098759E /* Sources */ = {
			isa = PBXSourcesBuildPhase;
			buildActionMask = 2147483647;
			files = (
				B0B781FA23CF05560098759E /* AppDelegate.swift in Sources */,
				B0B781FC23CF05560098759E /* SceneDelegate.swift in Sources */,
				B0B7821F23CF071C0098759E /* HeaderReusableView.swift in Sources */,
				B0B7820F23CF05790098759E /* HomeViewController.swift in Sources */,
				B0B7821723CF05E20098759E /* CustomCollectionViewCell.swift in Sources */,
			);
			runOnlyForDeploymentPostprocessing = 0;
		};
/* End PBXSourcesBuildPhase section */

/* Begin PBXVariantGroup section */
		B0B7820423CF05570098759E /* LaunchScreen.storyboard */ = {
			isa = PBXVariantGroup;
			children = (
				B0B7820523CF05570098759E /* Base */,
			);
			name = LaunchScreen.storyboard;
			sourceTree = "<group>";
		};
/* End PBXVariantGroup section */

/* Begin XCBuildConfiguration section */
		B0B7820823CF05570098759E /* Debug */ = {
			isa = XCBuildConfiguration;
			buildSettings = {
				ALWAYS_SEARCH_USER_PATHS = NO;
				CLANG_ANALYZER_NONNULL = YES;
				CLANG_ANALYZER_NUMBER_OBJECT_CONVERSION = YES_AGGRESSIVE;
				CLANG_CXX_LANGUAGE_STANDARD = "gnu++14";
				CLANG_CXX_LIBRARY = "libc++";
				CLANG_ENABLE_MODULES = YES;
				CLANG_ENABLE_OBJC_ARC = YES;
				CLANG_ENABLE_OBJC_WEAK = YES;
				CLANG_WARN_BLOCK_CAPTURE_AUTORELEASING = YES;
				CLANG_WARN_BOOL_CONVERSION = YES;
				CLANG_WARN_COMMA = YES;
				CLANG_WARN_CONSTANT_CONVERSION = YES;
				CLANG_WARN_DEPRECATED_OBJC_IMPLEMENTATIONS = YES;
				CLANG_WARN_DIRECT_OBJC_ISA_USAGE = YES_ERROR;
				CLANG_WARN_DOCUMENTATION_COMMENTS = YES;
				CLANG_WARN_EMPTY_BODY = YES;
				CLANG_WARN_ENUM_CONVERSION = YES;
				CLANG_WARN_INFINITE_RECURSION = YES;
				CLANG_WARN_INT_CONVERSION = YES;
				CLANG_WARN_NON_LITERAL_NULL_CONVERSION = YES;
				CLANG_WARN_OBJC_IMPLICIT_RETAIN_SELF = YES;
				CLANG_WARN_OBJC_LITERAL_CONVERSION = YES;
				CLANG_WARN_OBJC_ROOT_CLASS = YES_ERROR;
				CLANG_WARN_RANGE_LOOP_ANALYSIS = YES;
				CLANG_WARN_STRICT_PROTOTYPES = YES;
				CLANG_WARN_SUSPICIOUS_MOVE = YES;
				CLANG_WARN_UNGUARDED_AVAILABILITY = YES_AGGRESSIVE;
				CLANG_WARN_UNREACHABLE_CODE = YES;
				CLANG_WARN__DUPLICATE_METHOD_MATCH = YES;
				COPY_PHASE_STRIP = NO;
				DEBUG_INFORMATION_FORMAT = dwarf;
				ENABLE_STRICT_OBJC_MSGSEND = YES;
				ENABLE_TESTABILITY = YES;
				GCC_C_LANGUAGE_STANDARD = gnu11;
				GCC_DYNAMIC_NO_PIC = NO;
				GCC_NO_COMMON_BLOCKS = YES;
				GCC_OPTIMIZATION_LEVEL = 0;
				GCC_PREPROCESSOR_DEFINITIONS = (
					"DEBUG=1",
					"$(inherited)",
				);
				GCC_WARN_64_TO_32_BIT_CONVERSION = YES;
				GCC_WARN_ABOUT_RETURN_TYPE = YES_ERROR;
				GCC_WARN_UNDECLARED_SELECTOR = YES;
				GCC_WARN_UNINITIALIZED_AUTOS = YES_AGGRESSIVE;
				GCC_WARN_UNUSED_FUNCTION = YES;
				GCC_WARN_UNUSED_VARIABLE = YES;
				IPHONEOS_DEPLOYMENT_TARGET = 13.2;
				MTL_ENABLE_DEBUG_INFO = INCLUDE_SOURCE;
				MTL_FAST_MATH = YES;
				ONLY_ACTIVE_ARCH = YES;
				SDKROOT = iphoneos;
				SWIFT_ACTIVE_COMPILATION_CONDITIONS = DEBUG;
				SWIFT_OPTIMIZATION_LEVEL = "-Onone";
			};
			name = Debug;
		};
		B0B7820923CF05570098759E /* Release */ = {
			isa = XCBuildConfiguration;
			buildSettings = {
				ALWAYS_SEARCH_USER_PATHS = NO;
				CLANG_ANALYZER_NONNULL = YES;
				CLANG_ANALYZER_NUMBER_OBJECT_CONVERSION = YES_AGGRESSIVE;
				CLANG_CXX_LANGUAGE_STANDARD = "gnu++14";
				CLANG_CXX_LIBRARY = "libc++";
				CLANG_ENABLE_MODULES = YES;
				CLANG_ENABLE_OBJC_ARC = YES;
				CLANG_ENABLE_OBJC_WEAK = YES;
				CLANG_WARN_BLOCK_CAPTURE_AUTORELEASING = YES;
				CLANG_WARN_BOOL_CONVERSION = YES;
				CLANG_WARN_COMMA = YES;
				CLANG_WARN_CONSTANT_CONVERSION = YES;
				CLANG_WARN_DEPRECATED_OBJC_IMPLEMENTATIONS = YES;
				CLANG_WARN_DIRECT_OBJC_ISA_USAGE = YES_ERROR;
				CLANG_WARN_DOCUMENTATION_COMMENTS = YES;
				CLANG_WARN_EMPTY_BODY = YES;
				CLANG_WARN_ENUM_CONVERSION = YES;
				CLANG_WARN_INFINITE_RECURSION = YES;
				CLANG_WARN_INT_CONVERSION = YES;
				CLANG_WARN_NON_LITERAL_NULL_CONVERSION = YES;
				CLANG_WARN_OBJC_IMPLICIT_RETAIN_SELF = YES;
				CLANG_WARN_OBJC_LITERAL_CONVERSION = YES;
				CLANG_WARN_OBJC_ROOT_CLASS = YES_ERROR;
				CLANG_WARN_RANGE_LOOP_ANALYSIS = YES;
				CLANG_WARN_STRICT_PROTOTYPES = YES;
				CLANG_WARN_SUSPICIOUS_MOVE = YES;
				CLANG_WARN_UNGUARDED_AVAILABILITY = YES_AGGRESSIVE;
				CLANG_WARN_UNREACHABLE_CODE = YES;
				CLANG_WARN__DUPLICATE_METHOD_MATCH = YES;
				COPY_PHASE_STRIP = NO;
				DEBUG_INFORMATION_FORMAT = "dwarf-with-dsym";
				ENABLE_NS_ASSERTIONS = NO;
				ENABLE_STRICT_OBJC_MSGSEND = YES;
				GCC_C_LANGUAGE_STANDARD = gnu11;
				GCC_NO_COMMON_BLOCKS = YES;
				GCC_WARN_64_TO_32_BIT_CONVERSION = YES;
				GCC_WARN_ABOUT_RETURN_TYPE = YES_ERROR;
				GCC_WARN_UNDECLARED_SELECTOR = YES;
				GCC_WARN_UNINITIALIZED_AUTOS = YES_AGGRESSIVE;
				GCC_WARN_UNUSED_FUNCTION = YES;
				GCC_WARN_UNUSED_VARIABLE = YES;
				IPHONEOS_DEPLOYMENT_TARGET = 13.2;
				MTL_ENABLE_DEBUG_INFO = NO;
				MTL_FAST_MATH = YES;
				SDKROOT = iphoneos;
				SWIFT_COMPILATION_MODE = wholemodule;
				SWIFT_OPTIMIZATION_LEVEL = "-O";
				VALIDATE_PRODUCT = YES;
			};
			name = Release;
		};
		B0B7820B23CF05570098759E /* Debug */ = {
			isa = XCBuildConfiguration;
			buildSettings = {
				ASSETCATALOG_COMPILER_APPICON_NAME = AppIcon;
				CODE_SIGN_STYLE = Automatic;
				INFOPLIST_FILE = Baitap03/Info.plist;
				LD_RUNPATH_SEARCH_PATHS = (
					"$(inherited)",
					"@executable_path/Frameworks",
				);
				PRODUCT_BUNDLE_IDENTIFIER = asiantech.Baitap03;
				PRODUCT_NAME = "$(TARGET_NAME)";
				SWIFT_VERSION = 5.0;
				TARGETED_DEVICE_FAMILY = "1,2";
			};
			name = Debug;
		};
		B0B7820C23CF05570098759E /* Release */ = {
			isa = XCBuildConfiguration;
			buildSettings = {
				ASSETCATALOG_COMPILER_APPICON_NAME = AppIcon;
				CODE_SIGN_STYLE = Automatic;
				INFOPLIST_FILE = Baitap03/Info.plist;
				LD_RUNPATH_SEARCH_PATHS = (
					"$(inherited)",
					"@executable_path/Frameworks",
				);
				PRODUCT_BUNDLE_IDENTIFIER = asiantech.Baitap03;
				PRODUCT_NAME = "$(TARGET_NAME)";
				SWIFT_VERSION = 5.0;
				TARGETED_DEVICE_FAMILY = "1,2";
			};
			name = Release;
		};
/* End XCBuildConfiguration section */

/* Begin XCConfigurationList section */
		B0B781F123CF05560098759E /* Build configuration list for PBXProject "Baitap03" */ = {
			isa = XCConfigurationList;
			buildConfigurations = (
				B0B7820823CF05570098759E /* Debug */,
				B0B7820923CF05570098759E /* Release */,
			);
			defaultConfigurationIsVisible = 0;
			defaultConfigurationName = Release;
		};
		B0B7820A23CF05570098759E /* Build configuration list for PBXNativeTarget "Baitap03" */ = {
			isa = XCConfigurationList;
			buildConfigurations = (
				B0B7820B23CF05570098759E /* Debug */,
				B0B7820C23CF05570098759E /* Release */,
			);
			defaultConfigurationIsVisible = 0;
			defaultConfigurationName = Release;
		};
/* End XCConfigurationList section */
	};
	rootObject = B0B781EE23CF05560098759E /* Project object */;
}
