// !$*UTF8*$!
{
	archiveVersion = 1;
	classes = {
	};
	objectVersion = 50;
	objects = {

/* Begin PBXBuildFile section */
		CE8A1D4E23A8731E00A395E4 /* AppDelegate.swift in Sources */ = {isa = PBXBuildFile; fileRef = CE8A1D4D23A8731E00A395E4 /* AppDelegate.swift */; };
		CE8A1D5023A8731E00A395E4 /* SceneDelegate.swift in Sources */ = {isa = PBXBuildFile; fileRef = CE8A1D4F23A8731E00A395E4 /* SceneDelegate.swift */; };
		CE8A1D5723A8732100A395E4 /* Assets.xcassets in Resources */ = {isa = PBXBuildFile; fileRef = CE8A1D5623A8732100A395E4 /* Assets.xcassets */; };
		CE8A1D5A23A8732100A395E4 /* LaunchScreen.storyboard in Resources */ = {isa = PBXBuildFile; fileRef = CE8A1D5823A8732100A395E4 /* LaunchScreen.storyboard */; };
		CE8A1D6823A873F000A395E4 /* Ex5ViewController.swift in Sources */ = {isa = PBXBuildFile; fileRef = CE8A1D6623A873F000A395E4 /* Ex5ViewController.swift */; };
		CE8A1D6923A873F000A395E4 /* Ex5ViewController.xib in Resources */ = {isa = PBXBuildFile; fileRef = CE8A1D6723A873F000A395E4 /* Ex5ViewController.xib */; };
		CE8A1D6C23A87A0C00A395E4 /* BaseViewController.swift in Sources */ = {isa = PBXBuildFile; fileRef = CE8A1D6B23A87A0C00A395E4 /* BaseViewController.swift */; };
		CE8A1D6E23A8BCE700A395E4 /* CustomView.xib in Resources */ = {isa = PBXBuildFile; fileRef = CE8A1D6D23A8BCE700A395E4 /* CustomView.xib */; };
		CE8A1D7423A8BED100A395E4 /* CustomView.swift in Sources */ = {isa = PBXBuildFile; fileRef = CE8A1D7323A8BED100A395E4 /* CustomView.swift */; };
/* End PBXBuildFile section */

/* Begin PBXFileReference section */
		CE8A1D4A23A8731E00A395E4 /* baitap10.5.app */ = {isa = PBXFileReference; explicitFileType = wrapper.application; includeInIndex = 0; path = baitap10.5.app; sourceTree = BUILT_PRODUCTS_DIR; };
		CE8A1D4D23A8731E00A395E4 /* AppDelegate.swift */ = {isa = PBXFileReference; lastKnownFileType = sourcecode.swift; path = AppDelegate.swift; sourceTree = "<group>"; };
		CE8A1D4F23A8731E00A395E4 /* SceneDelegate.swift */ = {isa = PBXFileReference; lastKnownFileType = sourcecode.swift; path = SceneDelegate.swift; sourceTree = "<group>"; };
		CE8A1D5623A8732100A395E4 /* Assets.xcassets */ = {isa = PBXFileReference; lastKnownFileType = folder.assetcatalog; path = Assets.xcassets; sourceTree = "<group>"; };
		CE8A1D5923A8732100A395E4 /* Base */ = {isa = PBXFileReference; lastKnownFileType = file.storyboard; name = Base; path = Base.lproj/LaunchScreen.storyboard; sourceTree = "<group>"; };
		CE8A1D5B23A8732100A395E4 /* Info.plist */ = {isa = PBXFileReference; lastKnownFileType = text.plist.xml; path = Info.plist; sourceTree = "<group>"; };
		CE8A1D6623A873F000A395E4 /* Ex5ViewController.swift */ = {isa = PBXFileReference; lastKnownFileType = sourcecode.swift; path = Ex5ViewController.swift; sourceTree = "<group>"; };
		CE8A1D6723A873F000A395E4 /* Ex5ViewController.xib */ = {isa = PBXFileReference; lastKnownFileType = file.xib; path = Ex5ViewController.xib; sourceTree = "<group>"; };
		CE8A1D6B23A87A0C00A395E4 /* BaseViewController.swift */ = {isa = PBXFileReference; lastKnownFileType = sourcecode.swift; path = BaseViewController.swift; sourceTree = "<group>"; };
		CE8A1D6D23A8BCE700A395E4 /* CustomView.xib */ = {isa = PBXFileReference; lastKnownFileType = file.xib; path = CustomView.xib; sourceTree = "<group>"; };
		CE8A1D7323A8BED100A395E4 /* CustomView.swift */ = {isa = PBXFileReference; lastKnownFileType = sourcecode.swift; path = CustomView.swift; sourceTree = "<group>"; };
/* End PBXFileReference section */

/* Begin PBXFrameworksBuildPhase section */
		CE8A1D4723A8731E00A395E4 /* Frameworks */ = {
			isa = PBXFrameworksBuildPhase;
			buildActionMask = 2147483647;
			files = (
			);
			runOnlyForDeploymentPostprocessing = 0;
		};
/* End PBXFrameworksBuildPhase section */

/* Begin PBXGroup section */
		CE8A1D4123A8731E00A395E4 = {
			isa = PBXGroup;
			children = (
				CE8A1D4C23A8731E00A395E4 /* baitap10.5 */,
				CE8A1D4B23A8731E00A395E4 /* Products */,
			);
			sourceTree = "<group>";
		};
		CE8A1D4B23A8731E00A395E4 /* Products */ = {
			isa = PBXGroup;
			children = (
				CE8A1D4A23A8731E00A395E4 /* baitap10.5.app */,
			);
			name = Products;
			sourceTree = "<group>";
		};
		CE8A1D4C23A8731E00A395E4 /* baitap10.5 */ = {
			isa = PBXGroup;
			children = (
				CE8A1D6A23A879E800A395E4 /* Core */,
				CE8A1D6123A8733F00A395E4 /* Ex5 */,
				CE8A1D4D23A8731E00A395E4 /* AppDelegate.swift */,
				CE8A1D4F23A8731E00A395E4 /* SceneDelegate.swift */,
				CE8A1D5623A8732100A395E4 /* Assets.xcassets */,
				CE8A1D5823A8732100A395E4 /* LaunchScreen.storyboard */,
				CE8A1D5B23A8732100A395E4 /* Info.plist */,
			);
			path = baitap10.5;
			sourceTree = "<group>";
		};
		CE8A1D6123A8733F00A395E4 /* Ex5 */ = {
			isa = PBXGroup;
			children = (
				CE8A1D6623A873F000A395E4 /* Ex5ViewController.swift */,
				CE8A1D6723A873F000A395E4 /* Ex5ViewController.xib */,
				CE8A1D6D23A8BCE700A395E4 /* CustomView.xib */,
				CE8A1D7323A8BED100A395E4 /* CustomView.swift */,
			);
			path = Ex5;
			sourceTree = "<group>";
		};
		CE8A1D6A23A879E800A395E4 /* Core */ = {
			isa = PBXGroup;
			children = (
				CE8A1D6B23A87A0C00A395E4 /* BaseViewController.swift */,
			);
			path = Core;
			sourceTree = "<group>";
		};
/* End PBXGroup section */

/* Begin PBXNativeTarget section */
		CE8A1D4923A8731E00A395E4 /* baitap10.5 */ = {
			isa = PBXNativeTarget;
			buildConfigurationList = CE8A1D5E23A8732100A395E4 /* Build configuration list for PBXNativeTarget "baitap10.5" */;
			buildPhases = (
				CE8A1D4623A8731E00A395E4 /* Sources */,
				CE8A1D4723A8731E00A395E4 /* Frameworks */,
				CE8A1D4823A8731E00A395E4 /* Resources */,
			);
			buildRules = (
			);
			dependencies = (
			);
			name = baitap10.5;
			productName = baitap10.5;
			productReference = CE8A1D4A23A8731E00A395E4 /* baitap10.5.app */;
			productType = "com.apple.product-type.application";
		};
/* End PBXNativeTarget section */

/* Begin PBXProject section */
		CE8A1D4223A8731E00A395E4 /* Project object */ = {
			isa = PBXProject;
			attributes = {
				LastSwiftUpdateCheck = 1120;
				LastUpgradeCheck = 1120;
				ORGANIZATIONNAME = VienH;
				TargetAttributes = {
					CE8A1D4923A8731E00A395E4 = {
						CreatedOnToolsVersion = 11.2;
					};
				};
			};
			buildConfigurationList = CE8A1D4523A8731E00A395E4 /* Build configuration list for PBXProject "baitap10.5" */;
			compatibilityVersion = "Xcode 9.3";
			developmentRegion = en;
			hasScannedForEncodings = 0;
			knownRegions = (
				en,
				Base,
			);
			mainGroup = CE8A1D4123A8731E00A395E4;
			productRefGroup = CE8A1D4B23A8731E00A395E4 /* Products */;
			projectDirPath = "";
			projectRoot = "";
			targets = (
				CE8A1D4923A8731E00A395E4 /* baitap10.5 */,
			);
		};
/* End PBXProject section */

/* Begin PBXResourcesBuildPhase section */
		CE8A1D4823A8731E00A395E4 /* Resources */ = {
			isa = PBXResourcesBuildPhase;
			buildActionMask = 2147483647;
			files = (
				CE8A1D6E23A8BCE700A395E4 /* CustomView.xib in Resources */,
				CE8A1D5A23A8732100A395E4 /* LaunchScreen.storyboard in Resources */,
				CE8A1D5723A8732100A395E4 /* Assets.xcassets in Resources */,
				CE8A1D6923A873F000A395E4 /* Ex5ViewController.xib in Resources */,
			);
			runOnlyForDeploymentPostprocessing = 0;
		};
/* End PBXResourcesBuildPhase section */

/* Begin PBXSourcesBuildPhase section */
		CE8A1D4623A8731E00A395E4 /* Sources */ = {
			isa = PBXSourcesBuildPhase;
			buildActionMask = 2147483647;
			files = (
				CE8A1D6C23A87A0C00A395E4 /* BaseViewController.swift in Sources */,
				CE8A1D4E23A8731E00A395E4 /* AppDelegate.swift in Sources */,
				CE8A1D7423A8BED100A395E4 /* CustomView.swift in Sources */,
				CE8A1D5023A8731E00A395E4 /* SceneDelegate.swift in Sources */,
				CE8A1D6823A873F000A395E4 /* Ex5ViewController.swift in Sources */,
			);
			runOnlyForDeploymentPostprocessing = 0;
		};
/* End PBXSourcesBuildPhase section */

/* Begin PBXVariantGroup section */
		CE8A1D5823A8732100A395E4 /* LaunchScreen.storyboard */ = {
			isa = PBXVariantGroup;
			children = (
				CE8A1D5923A8732100A395E4 /* Base */,
			);
			name = LaunchScreen.storyboard;
			sourceTree = "<group>";
		};
/* End PBXVariantGroup section */

/* Begin XCBuildConfiguration section */
		CE8A1D5C23A8732100A395E4 /* Debug */ = {
			isa = XCBuildConfiguration;
			buildSettings = {
				ALWAYS_SEARCH_USER_PATHS = NO;
				CLANG_ANALYZER_NONNULL = YES;
				CLANG_ANALYZER_NUMBER_OBJECT_CONVERSION = YES_AGGRESSIVE;
				CLANG_CXX_LANGUAGE_STANDARD = "gnu++14";
				CLANG_CXX_LIBRARY = "libc++";
				CLANG_ENABLE_MODULES = YES;
				CLANG_ENABLE_OBJC_ARC = YES;
				CLANG_ENABLE_OBJC_WEAK = YES;
				CLANG_WARN_BLOCK_CAPTURE_AUTORELEASING = YES;
				CLANG_WARN_BOOL_CONVERSION = YES;
				CLANG_WARN_COMMA = YES;
				CLANG_WARN_CONSTANT_CONVERSION = YES;
				CLANG_WARN_DEPRECATED_OBJC_IMPLEMENTATIONS = YES;
				CLANG_WARN_DIRECT_OBJC_ISA_USAGE = YES_ERROR;
				CLANG_WARN_DOCUMENTATION_COMMENTS = YES;
				CLANG_WARN_EMPTY_BODY = YES;
				CLANG_WARN_ENUM_CONVERSION = YES;
				CLANG_WARN_INFINITE_RECURSION = YES;
				CLANG_WARN_INT_CONVERSION = YES;
				CLANG_WARN_NON_LITERAL_NULL_CONVERSION = YES;
				CLANG_WARN_OBJC_IMPLICIT_RETAIN_SELF = YES;
				CLANG_WARN_OBJC_LITERAL_CONVERSION = YES;
				CLANG_WARN_OBJC_ROOT_CLASS = YES_ERROR;
				CLANG_WARN_RANGE_LOOP_ANALYSIS = YES;
				CLANG_WARN_STRICT_PROTOTYPES = YES;
				CLANG_WARN_SUSPICIOUS_MOVE = YES;
				CLANG_WARN_UNGUARDED_AVAILABILITY = YES_AGGRESSIVE;
				CLANG_WARN_UNREACHABLE_CODE = YES;
				CLANG_WARN__DUPLICATE_METHOD_MATCH = YES;
				COPY_PHASE_STRIP = NO;
				DEBUG_INFORMATION_FORMAT = dwarf;
				ENABLE_STRICT_OBJC_MSGSEND = YES;
				ENABLE_TESTABILITY = YES;
				GCC_C_LANGUAGE_STANDARD = gnu11;
				GCC_DYNAMIC_NO_PIC = NO;
				GCC_NO_COMMON_BLOCKS = YES;
				GCC_OPTIMIZATION_LEVEL = 0;
				GCC_PREPROCESSOR_DEFINITIONS = (
					"DEBUG=1",
					"$(inherited)",
				);
				GCC_WARN_64_TO_32_BIT_CONVERSION = YES;
				GCC_WARN_ABOUT_RETURN_TYPE = YES_ERROR;
				GCC_WARN_UNDECLARED_SELECTOR = YES;
				GCC_WARN_UNINITIALIZED_AUTOS = YES_AGGRESSIVE;
				GCC_WARN_UNUSED_FUNCTION = YES;
				GCC_WARN_UNUSED_VARIABLE = YES;
				IPHONEOS_DEPLOYMENT_TARGET = 13.2;
				MTL_ENABLE_DEBUG_INFO = INCLUDE_SOURCE;
				MTL_FAST_MATH = YES;
				ONLY_ACTIVE_ARCH = YES;
				SDKROOT = iphoneos;
				SWIFT_ACTIVE_COMPILATION_CONDITIONS = DEBUG;
				SWIFT_OPTIMIZATION_LEVEL = "-Onone";
			};
			name = Debug;
		};
		CE8A1D5D23A8732100A395E4 /* Release */ = {
			isa = XCBuildConfiguration;
			buildSettings = {
				ALWAYS_SEARCH_USER_PATHS = NO;
				CLANG_ANALYZER_NONNULL = YES;
				CLANG_ANALYZER_NUMBER_OBJECT_CONVERSION = YES_AGGRESSIVE;
				CLANG_CXX_LANGUAGE_STANDARD = "gnu++14";
				CLANG_CXX_LIBRARY = "libc++";
				CLANG_ENABLE_MODULES = YES;
				CLANG_ENABLE_OBJC_ARC = YES;
				CLANG_ENABLE_OBJC_WEAK = YES;
				CLANG_WARN_BLOCK_CAPTURE_AUTORELEASING = YES;
				CLANG_WARN_BOOL_CONVERSION = YES;
				CLANG_WARN_COMMA = YES;
				CLANG_WARN_CONSTANT_CONVERSION = YES;
				CLANG_WARN_DEPRECATED_OBJC_IMPLEMENTATIONS = YES;
				CLANG_WARN_DIRECT_OBJC_ISA_USAGE = YES_ERROR;
				CLANG_WARN_DOCUMENTATION_COMMENTS = YES;
				CLANG_WARN_EMPTY_BODY = YES;
				CLANG_WARN_ENUM_CONVERSION = YES;
				CLANG_WARN_INFINITE_RECURSION = YES;
				CLANG_WARN_INT_CONVERSION = YES;
				CLANG_WARN_NON_LITERAL_NULL_CONVERSION = YES;
				CLANG_WARN_OBJC_IMPLICIT_RETAIN_SELF = YES;
				CLANG_WARN_OBJC_LITERAL_CONVERSION = YES;
				CLANG_WARN_OBJC_ROOT_CLASS = YES_ERROR;
				CLANG_WARN_RANGE_LOOP_ANALYSIS = YES;
				CLANG_WARN_STRICT_PROTOTYPES = YES;
				CLANG_WARN_SUSPICIOUS_MOVE = YES;
				CLANG_WARN_UNGUARDED_AVAILABILITY = YES_AGGRESSIVE;
				CLANG_WARN_UNREACHABLE_CODE = YES;
				CLANG_WARN__DUPLICATE_METHOD_MATCH = YES;
				COPY_PHASE_STRIP = NO;
				DEBUG_INFORMATION_FORMAT = "dwarf-with-dsym";
				ENABLE_NS_ASSERTIONS = NO;
				ENABLE_STRICT_OBJC_MSGSEND = YES;
				GCC_C_LANGUAGE_STANDARD = gnu11;
				GCC_NO_COMMON_BLOCKS = YES;
				GCC_WARN_64_TO_32_BIT_CONVERSION = YES;
				GCC_WARN_ABOUT_RETURN_TYPE = YES_ERROR;
				GCC_WARN_UNDECLARED_SELECTOR = YES;
				GCC_WARN_UNINITIALIZED_AUTOS = YES_AGGRESSIVE;
				GCC_WARN_UNUSED_FUNCTION = YES;
				GCC_WARN_UNUSED_VARIABLE = YES;
				IPHONEOS_DEPLOYMENT_TARGET = 13.2;
				MTL_ENABLE_DEBUG_INFO = NO;
				MTL_FAST_MATH = YES;
				SDKROOT = iphoneos;
				SWIFT_COMPILATION_MODE = wholemodule;
				SWIFT_OPTIMIZATION_LEVEL = "-O";
				VALIDATE_PRODUCT = YES;
			};
			name = Release;
		};
		CE8A1D5F23A8732100A395E4 /* Debug */ = {
			isa = XCBuildConfiguration;
			buildSettings = {
				ASSETCATALOG_COMPILER_APPICON_NAME = AppIcon;
				CODE_SIGN_STYLE = Automatic;
				INFOPLIST_FILE = baitap10.5/Info.plist;
				LD_RUNPATH_SEARCH_PATHS = (
					"$(inherited)",
					"@executable_path/Frameworks",
				);
				PRODUCT_BUNDLE_IDENTIFIER = "Tech.baitap10-5";
				PRODUCT_NAME = "$(TARGET_NAME)";
				SWIFT_VERSION = 5.0;
				TARGETED_DEVICE_FAMILY = "1,2";
			};
			name = Debug;
		};
		CE8A1D6023A8732100A395E4 /* Release */ = {
			isa = XCBuildConfiguration;
			buildSettings = {
				ASSETCATALOG_COMPILER_APPICON_NAME = AppIcon;
				CODE_SIGN_STYLE = Automatic;
				INFOPLIST_FILE = baitap10.5/Info.plist;
				LD_RUNPATH_SEARCH_PATHS = (
					"$(inherited)",
					"@executable_path/Frameworks",
				);
				PRODUCT_BUNDLE_IDENTIFIER = "Tech.baitap10-5";
				PRODUCT_NAME = "$(TARGET_NAME)";
				SWIFT_VERSION = 5.0;
				TARGETED_DEVICE_FAMILY = "1,2";
			};
			name = Release;
		};
/* End XCBuildConfiguration section */

/* Begin XCConfigurationList section */
		CE8A1D4523A8731E00A395E4 /* Build configuration list for PBXProject "baitap10.5" */ = {
			isa = XCConfigurationList;
			buildConfigurations = (
				CE8A1D5C23A8732100A395E4 /* Debug */,
				CE8A1D5D23A8732100A395E4 /* Release */,
			);
			defaultConfigurationIsVisible = 0;
			defaultConfigurationName = Release;
		};
		CE8A1D5E23A8732100A395E4 /* Build configuration list for PBXNativeTarget "baitap10.5" */ = {
			isa = XCConfigurationList;
			buildConfigurations = (
				CE8A1D5F23A8732100A395E4 /* Debug */,
				CE8A1D6023A8732100A395E4 /* Release */,
			);
			defaultConfigurationIsVisible = 0;
			defaultConfigurationName = Release;
		};
/* End XCConfigurationList section */
	};
	rootObject = CE8A1D4223A8731E00A395E4 /* Project object */;
}
