// !$*UTF8*$!
{
	archiveVersion = 1;
	classes = {
	};
	objectVersion = 50;
	objects = {

/* Begin PBXBuildFile section */
		7280237024AEE263005474AE /* SliderCollectionViewController.swift in Sources */ = {isa = PBXBuildFile; fileRef = 7280236E24AEE263005474AE /* SliderCollectionViewController.swift */; };
		7280237124AEE263005474AE /* SliderCollectionViewController.xib in Resources */ = {isa = PBXBuildFile; fileRef = 7280236F24AEE263005474AE /* SliderCollectionViewController.xib */; };
		7280237424AEE2F7005474AE /* IconCollectionViewCell.swift in Sources */ = {isa = PBXBuildFile; fileRef = 7280237224AEE2F7005474AE /* IconCollectionViewCell.swift */; };
		7280237524AEE2F7005474AE /* IconCollectionViewCell.xib in Resources */ = {isa = PBXBuildFile; fileRef = 7280237324AEE2F7005474AE /* IconCollectionViewCell.xib */; };
		7280237A24AF0C65005474AE /* HeaderCollectionReusableView.swift in Sources */ = {isa = PBXBuildFile; fileRef = 7280237824AF0C65005474AE /* HeaderCollectionReusableView.swift */; };
		7280237B24AF0C65005474AE /* HeaderCollectionReusableView.xib in Resources */ = {isa = PBXBuildFile; fileRef = 7280237924AF0C65005474AE /* HeaderCollectionReusableView.xib */; };
		7280237E24AF2075005474AE /* IconTableViewCell.swift in Sources */ = {isa = PBXBuildFile; fileRef = 7280237C24AF2075005474AE /* IconTableViewCell.swift */; };
		7280237F24AF2075005474AE /* IconTableViewCell.xib in Resources */ = {isa = PBXBuildFile; fileRef = 7280237D24AF2075005474AE /* IconTableViewCell.xib */; };
		7280238224AF3AC3005474AE /* SliderCollectionViewCell.swift in Sources */ = {isa = PBXBuildFile; fileRef = 7280238024AF3AC3005474AE /* SliderCollectionViewCell.swift */; };
		7280238324AF3AC3005474AE /* SliderCollectionViewCell.xib in Resources */ = {isa = PBXBuildFile; fileRef = 7280238124AF3AC3005474AE /* SliderCollectionViewCell.xib */; };
		7288850924AD959B0022DCF3 /* AppDelegate.swift in Sources */ = {isa = PBXBuildFile; fileRef = 7288850824AD959B0022DCF3 /* AppDelegate.swift */; };
		7288850B24AD959B0022DCF3 /* SceneDelegate.swift in Sources */ = {isa = PBXBuildFile; fileRef = 7288850A24AD959B0022DCF3 /* SceneDelegate.swift */; };
		7288850F24AD959D0022DCF3 /* Assets.xcassets in Resources */ = {isa = PBXBuildFile; fileRef = 7288850E24AD959D0022DCF3 /* Assets.xcassets */; };
		7288851224AD959D0022DCF3 /* Preview Assets.xcassets in Resources */ = {isa = PBXBuildFile; fileRef = 7288851124AD959D0022DCF3 /* Preview Assets.xcassets */; };
		7288851524AD959D0022DCF3 /* LaunchScreen.storyboard in Resources */ = {isa = PBXBuildFile; fileRef = 7288851324AD959D0022DCF3 /* LaunchScreen.storyboard */; };
		7288851F24AD962B0022DCF3 /* ListNumberViewController.swift in Sources */ = {isa = PBXBuildFile; fileRef = 7288851D24AD962B0022DCF3 /* ListNumberViewController.swift */; };
		7288852024AD962B0022DCF3 /* ListNumberViewController.xib in Resources */ = {isa = PBXBuildFile; fileRef = 7288851E24AD962B0022DCF3 /* ListNumberViewController.xib */; };
		7288852724AD98370022DCF3 /* NumberCollectionViewCell.swift in Sources */ = {isa = PBXBuildFile; fileRef = 7288852524AD98370022DCF3 /* NumberCollectionViewCell.swift */; };
		7288852824AD98370022DCF3 /* NumberCollectionViewCell.xib in Resources */ = {isa = PBXBuildFile; fileRef = 7288852624AD98370022DCF3 /* NumberCollectionViewCell.xib */; };
		7288852C24ADBA040022DCF3 /* ListCellLayoutViewController.swift in Sources */ = {isa = PBXBuildFile; fileRef = 7288852A24ADBA040022DCF3 /* ListCellLayoutViewController.swift */; };
		7288852D24ADBA040022DCF3 /* ListCellLayoutViewController.xib in Resources */ = {isa = PBXBuildFile; fileRef = 7288852B24ADBA040022DCF3 /* ListCellLayoutViewController.xib */; };
		7288852F24ADBA8C0022DCF3 /* ListCellLayout.swift in Sources */ = {isa = PBXBuildFile; fileRef = 7288852E24ADBA8C0022DCF3 /* ListCellLayout.swift */; };
		7288853324ADC80B0022DCF3 /* ImageCollectionViewCell.swift in Sources */ = {isa = PBXBuildFile; fileRef = 7288853124ADC80B0022DCF3 /* ImageCollectionViewCell.swift */; };
		7288853424ADC80B0022DCF3 /* ImageCollectionViewCell.xib in Resources */ = {isa = PBXBuildFile; fileRef = 7288853224ADC80B0022DCF3 /* ImageCollectionViewCell.xib */; };
		7288853724ADEEC50022DCF3 /* CustomHeaderViewController.swift in Sources */ = {isa = PBXBuildFile; fileRef = 7288853524ADEEC50022DCF3 /* CustomHeaderViewController.swift */; };
		7288853824ADEEC50022DCF3 /* CustomHeaderViewController.xib in Resources */ = {isa = PBXBuildFile; fileRef = 7288853624ADEEC50022DCF3 /* CustomHeaderViewController.xib */; };
		843F75A324AE46D4004B01A4 /* SectionHeaderCollectionReusableView.swift in Sources */ = {isa = PBXBuildFile; fileRef = 843F75A124AE46D4004B01A4 /* SectionHeaderCollectionReusableView.swift */; };
		843F75A424AE46D4004B01A4 /* SectionHeaderCollectionReusableView.xib in Resources */ = {isa = PBXBuildFile; fileRef = 843F75A224AE46D4004B01A4 /* SectionHeaderCollectionReusableView.xib */; };
		843F75AB24AE4C30004B01A4 /* AvatarCollectionViewCell.swift in Sources */ = {isa = PBXBuildFile; fileRef = 843F75A924AE4C30004B01A4 /* AvatarCollectionViewCell.swift */; };
		843F75AC24AE4C30004B01A4 /* AvatarCollectionViewCell.xib in Resources */ = {isa = PBXBuildFile; fileRef = 843F75AA24AE4C30004B01A4 /* AvatarCollectionViewCell.xib */; };
/* End PBXBuildFile section */

/* Begin PBXFileReference section */
		7280236E24AEE263005474AE /* SliderCollectionViewController.swift */ = {isa = PBXFileReference; lastKnownFileType = sourcecode.swift; path = SliderCollectionViewController.swift; sourceTree = "<group>"; };
		7280236F24AEE263005474AE /* SliderCollectionViewController.xib */ = {isa = PBXFileReference; lastKnownFileType = file.xib; path = SliderCollectionViewController.xib; sourceTree = "<group>"; };
		7280237224AEE2F7005474AE /* IconCollectionViewCell.swift */ = {isa = PBXFileReference; lastKnownFileType = sourcecode.swift; path = IconCollectionViewCell.swift; sourceTree = "<group>"; };
		7280237324AEE2F7005474AE /* IconCollectionViewCell.xib */ = {isa = PBXFileReference; lastKnownFileType = file.xib; path = IconCollectionViewCell.xib; sourceTree = "<group>"; };
		7280237824AF0C65005474AE /* HeaderCollectionReusableView.swift */ = {isa = PBXFileReference; lastKnownFileType = sourcecode.swift; path = HeaderCollectionReusableView.swift; sourceTree = "<group>"; };
		7280237924AF0C65005474AE /* HeaderCollectionReusableView.xib */ = {isa = PBXFileReference; lastKnownFileType = file.xib; path = HeaderCollectionReusableView.xib; sourceTree = "<group>"; };
		7280237C24AF2075005474AE /* IconTableViewCell.swift */ = {isa = PBXFileReference; lastKnownFileType = sourcecode.swift; path = IconTableViewCell.swift; sourceTree = "<group>"; };
		7280237D24AF2075005474AE /* IconTableViewCell.xib */ = {isa = PBXFileReference; lastKnownFileType = file.xib; path = IconTableViewCell.xib; sourceTree = "<group>"; };
		7280238024AF3AC3005474AE /* SliderCollectionViewCell.swift */ = {isa = PBXFileReference; lastKnownFileType = sourcecode.swift; path = SliderCollectionViewCell.swift; sourceTree = "<group>"; };
		7280238124AF3AC3005474AE /* SliderCollectionViewCell.xib */ = {isa = PBXFileReference; lastKnownFileType = file.xib; path = SliderCollectionViewCell.xib; sourceTree = "<group>"; };
		7288850524AD959B0022DCF3 /* CollectionView.app */ = {isa = PBXFileReference; explicitFileType = wrapper.application; includeInIndex = 0; path = CollectionView.app; sourceTree = BUILT_PRODUCTS_DIR; };
		7288850824AD959B0022DCF3 /* AppDelegate.swift */ = {isa = PBXFileReference; lastKnownFileType = sourcecode.swift; path = AppDelegate.swift; sourceTree = "<group>"; };
		7288850A24AD959B0022DCF3 /* SceneDelegate.swift */ = {isa = PBXFileReference; lastKnownFileType = sourcecode.swift; path = SceneDelegate.swift; sourceTree = "<group>"; };
		7288850E24AD959D0022DCF3 /* Assets.xcassets */ = {isa = PBXFileReference; lastKnownFileType = folder.assetcatalog; path = Assets.xcassets; sourceTree = "<group>"; };
		7288851124AD959D0022DCF3 /* Preview Assets.xcassets */ = {isa = PBXFileReference; lastKnownFileType = folder.assetcatalog; path = "Preview Assets.xcassets"; sourceTree = "<group>"; };
		7288851424AD959D0022DCF3 /* Base */ = {isa = PBXFileReference; lastKnownFileType = file.storyboard; name = Base; path = Base.lproj/LaunchScreen.storyboard; sourceTree = "<group>"; };
		7288851624AD959D0022DCF3 /* Info.plist */ = {isa = PBXFileReference; lastKnownFileType = text.plist.xml; path = Info.plist; sourceTree = "<group>"; };
		7288851D24AD962B0022DCF3 /* ListNumberViewController.swift */ = {isa = PBXFileReference; lastKnownFileType = sourcecode.swift; path = ListNumberViewController.swift; sourceTree = "<group>"; };
		7288851E24AD962B0022DCF3 /* ListNumberViewController.xib */ = {isa = PBXFileReference; lastKnownFileType = file.xib; path = ListNumberViewController.xib; sourceTree = "<group>"; };
		7288852524AD98370022DCF3 /* NumberCollectionViewCell.swift */ = {isa = PBXFileReference; lastKnownFileType = sourcecode.swift; path = NumberCollectionViewCell.swift; sourceTree = "<group>"; };
		7288852624AD98370022DCF3 /* NumberCollectionViewCell.xib */ = {isa = PBXFileReference; lastKnownFileType = file.xib; path = NumberCollectionViewCell.xib; sourceTree = "<group>"; };
		7288852A24ADBA040022DCF3 /* ListCellLayoutViewController.swift */ = {isa = PBXFileReference; lastKnownFileType = sourcecode.swift; path = ListCellLayoutViewController.swift; sourceTree = "<group>"; };
		7288852B24ADBA040022DCF3 /* ListCellLayoutViewController.xib */ = {isa = PBXFileReference; lastKnownFileType = file.xib; path = ListCellLayoutViewController.xib; sourceTree = "<group>"; };
		7288852E24ADBA8C0022DCF3 /* ListCellLayout.swift */ = {isa = PBXFileReference; lastKnownFileType = sourcecode.swift; path = ListCellLayout.swift; sourceTree = "<group>"; };
		7288853124ADC80B0022DCF3 /* ImageCollectionViewCell.swift */ = {isa = PBXFileReference; lastKnownFileType = sourcecode.swift; path = ImageCollectionViewCell.swift; sourceTree = "<group>"; };
		7288853224ADC80B0022DCF3 /* ImageCollectionViewCell.xib */ = {isa = PBXFileReference; lastKnownFileType = file.xib; path = ImageCollectionViewCell.xib; sourceTree = "<group>"; };
		7288853524ADEEC50022DCF3 /* CustomHeaderViewController.swift */ = {isa = PBXFileReference; lastKnownFileType = sourcecode.swift; path = CustomHeaderViewController.swift; sourceTree = "<group>"; };
		7288853624ADEEC50022DCF3 /* CustomHeaderViewController.xib */ = {isa = PBXFileReference; lastKnownFileType = file.xib; path = CustomHeaderViewController.xib; sourceTree = "<group>"; };
		843F75A124AE46D4004B01A4 /* SectionHeaderCollectionReusableView.swift */ = {isa = PBXFileReference; lastKnownFileType = sourcecode.swift; path = SectionHeaderCollectionReusableView.swift; sourceTree = "<group>"; };
		843F75A224AE46D4004B01A4 /* SectionHeaderCollectionReusableView.xib */ = {isa = PBXFileReference; lastKnownFileType = file.xib; path = SectionHeaderCollectionReusableView.xib; sourceTree = "<group>"; };
		843F75A924AE4C30004B01A4 /* AvatarCollectionViewCell.swift */ = {isa = PBXFileReference; lastKnownFileType = sourcecode.swift; path = AvatarCollectionViewCell.swift; sourceTree = "<group>"; };
		843F75AA24AE4C30004B01A4 /* AvatarCollectionViewCell.xib */ = {isa = PBXFileReference; lastKnownFileType = file.xib; path = AvatarCollectionViewCell.xib; sourceTree = "<group>"; };
/* End PBXFileReference section */

/* Begin PBXFrameworksBuildPhase section */
		7288850224AD959B0022DCF3 /* Frameworks */ = {
			isa = PBXFrameworksBuildPhase;
			buildActionMask = 2147483647;
			files = (
			);
			runOnlyForDeploymentPostprocessing = 0;
		};
/* End PBXFrameworksBuildPhase section */

/* Begin PBXGroup section */
		7280236D24AEE0DE005474AE /* Baitap4 */ = {
			isa = PBXGroup;
			children = (
				7280237C24AF2075005474AE /* IconTableViewCell.swift */,
				7280237D24AF2075005474AE /* IconTableViewCell.xib */,
				7280236E24AEE263005474AE /* SliderCollectionViewController.swift */,
				7280236F24AEE263005474AE /* SliderCollectionViewController.xib */,
				7280237824AF0C65005474AE /* HeaderCollectionReusableView.swift */,
				7280237924AF0C65005474AE /* HeaderCollectionReusableView.xib */,
				7280237224AEE2F7005474AE /* IconCollectionViewCell.swift */,
				7280237324AEE2F7005474AE /* IconCollectionViewCell.xib */,
				7280238024AF3AC3005474AE /* SliderCollectionViewCell.swift */,
				7280238124AF3AC3005474AE /* SliderCollectionViewCell.xib */,
			);
			path = Baitap4;
			sourceTree = "<group>";
		};
		728884FC24AD959B0022DCF3 = {
			isa = PBXGroup;
			children = (
				7288850724AD959B0022DCF3 /* CollectionView */,
				7288850624AD959B0022DCF3 /* Products */,
			);
			sourceTree = "<group>";
		};
		7288850624AD959B0022DCF3 /* Products */ = {
			isa = PBXGroup;
			children = (
				7288850524AD959B0022DCF3 /* CollectionView.app */,
			);
			name = Products;
			sourceTree = "<group>";
		};
		7288850724AD959B0022DCF3 /* CollectionView */ = {
			isa = PBXGroup;
			children = (
				7280236D24AEE0DE005474AE /* Baitap4 */,
				7288853024ADC5C40022DCF3 /* Baitap3 */,
				7288852924ADB8520022DCF3 /* Baitap2 */,
				7288851C24AD96180022DCF3 /* Baitap1 */,
				7288850824AD959B0022DCF3 /* AppDelegate.swift */,
				7288850A24AD959B0022DCF3 /* SceneDelegate.swift */,
				7288850E24AD959D0022DCF3 /* Assets.xcassets */,
				7288851324AD959D0022DCF3 /* LaunchScreen.storyboard */,
				7288851624AD959D0022DCF3 /* Info.plist */,
				7288851024AD959D0022DCF3 /* Preview Content */,
			);
			path = CollectionView;
			sourceTree = "<group>";
		};
		7288851024AD959D0022DCF3 /* Preview Content */ = {
			isa = PBXGroup;
			children = (
				7288851124AD959D0022DCF3 /* Preview Assets.xcassets */,
			);
			path = "Preview Content";
			sourceTree = "<group>";
		};
		7288851C24AD96180022DCF3 /* Baitap1 */ = {
			isa = PBXGroup;
			children = (
				7288851D24AD962B0022DCF3 /* ListNumberViewController.swift */,
				7288851E24AD962B0022DCF3 /* ListNumberViewController.xib */,
				7288852524AD98370022DCF3 /* NumberCollectionViewCell.swift */,
				7288852624AD98370022DCF3 /* NumberCollectionViewCell.xib */,
			);
			path = Baitap1;
			sourceTree = "<group>";
		};
		7288852924ADB8520022DCF3 /* Baitap2 */ = {
			isa = PBXGroup;
			children = (
				7288852A24ADBA040022DCF3 /* ListCellLayoutViewController.swift */,
				7288852B24ADBA040022DCF3 /* ListCellLayoutViewController.xib */,
				7288852E24ADBA8C0022DCF3 /* ListCellLayout.swift */,
				7288853124ADC80B0022DCF3 /* ImageCollectionViewCell.swift */,
				7288853224ADC80B0022DCF3 /* ImageCollectionViewCell.xib */,
			);
			path = Baitap2;
			sourceTree = "<group>";
		};
		7288853024ADC5C40022DCF3 /* Baitap3 */ = {
			isa = PBXGroup;
			children = (
				7288853524ADEEC50022DCF3 /* CustomHeaderViewController.swift */,
				7288853624ADEEC50022DCF3 /* CustomHeaderViewController.xib */,
				843F75A124AE46D4004B01A4 /* SectionHeaderCollectionReusableView.swift */,
				843F75A224AE46D4004B01A4 /* SectionHeaderCollectionReusableView.xib */,
				843F75A924AE4C30004B01A4 /* AvatarCollectionViewCell.swift */,
				843F75AA24AE4C30004B01A4 /* AvatarCollectionViewCell.xib */,
			);
			path = Baitap3;
			sourceTree = "<group>";
		};
/* End PBXGroup section */

/* Begin PBXNativeTarget section */
		7288850424AD959B0022DCF3 /* CollectionView */ = {
			isa = PBXNativeTarget;
			buildConfigurationList = 7288851924AD959D0022DCF3 /* Build configuration list for PBXNativeTarget "CollectionView" */;
			buildPhases = (
				7288850124AD959B0022DCF3 /* Sources */,
				7288850224AD959B0022DCF3 /* Frameworks */,
				7288850324AD959B0022DCF3 /* Resources */,
			);
			buildRules = (
			);
			dependencies = (
			);
			name = CollectionView;
			productName = CollectionView;
			productReference = 7288850524AD959B0022DCF3 /* CollectionView.app */;
			productType = "com.apple.product-type.application";
		};
/* End PBXNativeTarget section */

/* Begin PBXProject section */
		728884FD24AD959B0022DCF3 /* Project object */ = {
			isa = PBXProject;
			attributes = {
				LastSwiftUpdateCheck = 1130;
				LastUpgradeCheck = 1130;
				ORGANIZATIONNAME = asiantech;
				TargetAttributes = {
					7288850424AD959B0022DCF3 = {
						CreatedOnToolsVersion = 11.3.1;
					};
				};
			};
			buildConfigurationList = 7288850024AD959B0022DCF3 /* Build configuration list for PBXProject "CollectionView" */;
			compatibilityVersion = "Xcode 9.3";
			developmentRegion = en;
			hasScannedForEncodings = 0;
			knownRegions = (
				en,
				Base,
			);
			mainGroup = 728884FC24AD959B0022DCF3;
			productRefGroup = 7288850624AD959B0022DCF3 /* Products */;
			projectDirPath = "";
			projectRoot = "";
			targets = (
				7288850424AD959B0022DCF3 /* CollectionView */,
			);
		};
/* End PBXProject section */

/* Begin PBXResourcesBuildPhase section */
		7288850324AD959B0022DCF3 /* Resources */ = {
			isa = PBXResourcesBuildPhase;
			buildActionMask = 2147483647;
			files = (
				7280237F24AF2075005474AE /* IconTableViewCell.xib in Resources */,
				7288851524AD959D0022DCF3 /* LaunchScreen.storyboard in Resources */,
				7288852024AD962B0022DCF3 /* ListNumberViewController.xib in Resources */,
				843F75A424AE46D4004B01A4 /* SectionHeaderCollectionReusableView.xib in Resources */,
				7280237524AEE2F7005474AE /* IconCollectionViewCell.xib in Resources */,
				7280237B24AF0C65005474AE /* HeaderCollectionReusableView.xib in Resources */,
				843F75AC24AE4C30004B01A4 /* AvatarCollectionViewCell.xib in Resources */,
				7288853824ADEEC50022DCF3 /* CustomHeaderViewController.xib in Resources */,
				7288852D24ADBA040022DCF3 /* ListCellLayoutViewController.xib in Resources */,
				7288853424ADC80B0022DCF3 /* ImageCollectionViewCell.xib in Resources */,
				7288851224AD959D0022DCF3 /* Preview Assets.xcassets in Resources */,
				7280238324AF3AC3005474AE /* SliderCollectionViewCell.xib in Resources */,
				7280237124AEE263005474AE /* SliderCollectionViewController.xib in Resources */,
				7288850F24AD959D0022DCF3 /* Assets.xcassets in Resources */,
				7288852824AD98370022DCF3 /* NumberCollectionViewCell.xib in Resources */,
			);
			runOnlyForDeploymentPostprocessing = 0;
		};
/* End PBXResourcesBuildPhase section */

/* Begin PBXSourcesBuildPhase section */
		7288850124AD959B0022DCF3 /* Sources */ = {
			isa = PBXSourcesBuildPhase;
			buildActionMask = 2147483647;
			files = (
				7280237A24AF0C65005474AE /* HeaderCollectionReusableView.swift in Sources */,
				7288852724AD98370022DCF3 /* NumberCollectionViewCell.swift in Sources */,
				7280237024AEE263005474AE /* SliderCollectionViewController.swift in Sources */,
				7280238224AF3AC3005474AE /* SliderCollectionViewCell.swift in Sources */,
				7288850924AD959B0022DCF3 /* AppDelegate.swift in Sources */,
				7288853324ADC80B0022DCF3 /* ImageCollectionViewCell.swift in Sources */,
				7280237E24AF2075005474AE /* IconTableViewCell.swift in Sources */,
				7280237424AEE2F7005474AE /* IconCollectionViewCell.swift in Sources */,
				7288853724ADEEC50022DCF3 /* CustomHeaderViewController.swift in Sources */,
				843F75A324AE46D4004B01A4 /* SectionHeaderCollectionReusableView.swift in Sources */,
				7288852C24ADBA040022DCF3 /* ListCellLayoutViewController.swift in Sources */,
				7288851F24AD962B0022DCF3 /* ListNumberViewController.swift in Sources */,
				7288850B24AD959B0022DCF3 /* SceneDelegate.swift in Sources */,
				7288852F24ADBA8C0022DCF3 /* ListCellLayout.swift in Sources */,
				843F75AB24AE4C30004B01A4 /* AvatarCollectionViewCell.swift in Sources */,
			);
			runOnlyForDeploymentPostprocessing = 0;
		};
/* End PBXSourcesBuildPhase section */

/* Begin PBXVariantGroup section */
		7288851324AD959D0022DCF3 /* LaunchScreen.storyboard */ = {
			isa = PBXVariantGroup;
			children = (
				7288851424AD959D0022DCF3 /* Base */,
			);
			name = LaunchScreen.storyboard;
			sourceTree = "<group>";
		};
/* End PBXVariantGroup section */

/* Begin XCBuildConfiguration section */
		7288851724AD959D0022DCF3 /* Debug */ = {
			isa = XCBuildConfiguration;
			buildSettings = {
				ALWAYS_SEARCH_USER_PATHS = NO;
				CLANG_ANALYZER_NONNULL = YES;
				CLANG_ANALYZER_NUMBER_OBJECT_CONVERSION = YES_AGGRESSIVE;
				CLANG_CXX_LANGUAGE_STANDARD = "gnu++14";
				CLANG_CXX_LIBRARY = "libc++";
				CLANG_ENABLE_MODULES = YES;
				CLANG_ENABLE_OBJC_ARC = YES;
				CLANG_ENABLE_OBJC_WEAK = YES;
				CLANG_WARN_BLOCK_CAPTURE_AUTORELEASING = YES;
				CLANG_WARN_BOOL_CONVERSION = YES;
				CLANG_WARN_COMMA = YES;
				CLANG_WARN_CONSTANT_CONVERSION = YES;
				CLANG_WARN_DEPRECATED_OBJC_IMPLEMENTATIONS = YES;
				CLANG_WARN_DIRECT_OBJC_ISA_USAGE = YES_ERROR;
				CLANG_WARN_DOCUMENTATION_COMMENTS = YES;
				CLANG_WARN_EMPTY_BODY = YES;
				CLANG_WARN_ENUM_CONVERSION = YES;
				CLANG_WARN_INFINITE_RECURSION = YES;
				CLANG_WARN_INT_CONVERSION = YES;
				CLANG_WARN_NON_LITERAL_NULL_CONVERSION = YES;
				CLANG_WARN_OBJC_IMPLICIT_RETAIN_SELF = YES;
				CLANG_WARN_OBJC_LITERAL_CONVERSION = YES;
				CLANG_WARN_OBJC_ROOT_CLASS = YES_ERROR;
				CLANG_WARN_RANGE_LOOP_ANALYSIS = YES;
				CLANG_WARN_STRICT_PROTOTYPES = YES;
				CLANG_WARN_SUSPICIOUS_MOVE = YES;
				CLANG_WARN_UNGUARDED_AVAILABILITY = YES_AGGRESSIVE;
				CLANG_WARN_UNREACHABLE_CODE = YES;
				CLANG_WARN__DUPLICATE_METHOD_MATCH = YES;
				COPY_PHASE_STRIP = NO;
				DEBUG_INFORMATION_FORMAT = dwarf;
				ENABLE_STRICT_OBJC_MSGSEND = YES;
				ENABLE_TESTABILITY = YES;
				GCC_C_LANGUAGE_STANDARD = gnu11;
				GCC_DYNAMIC_NO_PIC = NO;
				GCC_NO_COMMON_BLOCKS = YES;
				GCC_OPTIMIZATION_LEVEL = 0;
				GCC_PREPROCESSOR_DEFINITIONS = (
					"DEBUG=1",
					"$(inherited)",
				);
				GCC_WARN_64_TO_32_BIT_CONVERSION = YES;
				GCC_WARN_ABOUT_RETURN_TYPE = YES_ERROR;
				GCC_WARN_UNDECLARED_SELECTOR = YES;
				GCC_WARN_UNINITIALIZED_AUTOS = YES_AGGRESSIVE;
				GCC_WARN_UNUSED_FUNCTION = YES;
				GCC_WARN_UNUSED_VARIABLE = YES;
				IPHONEOS_DEPLOYMENT_TARGET = 13.2;
				MTL_ENABLE_DEBUG_INFO = INCLUDE_SOURCE;
				MTL_FAST_MATH = YES;
				ONLY_ACTIVE_ARCH = YES;
				SDKROOT = iphoneos;
				SWIFT_ACTIVE_COMPILATION_CONDITIONS = DEBUG;
				SWIFT_OPTIMIZATION_LEVEL = "-Onone";
			};
			name = Debug;
		};
		7288851824AD959D0022DCF3 /* Release */ = {
			isa = XCBuildConfiguration;
			buildSettings = {
				ALWAYS_SEARCH_USER_PATHS = NO;
				CLANG_ANALYZER_NONNULL = YES;
				CLANG_ANALYZER_NUMBER_OBJECT_CONVERSION = YES_AGGRESSIVE;
				CLANG_CXX_LANGUAGE_STANDARD = "gnu++14";
				CLANG_CXX_LIBRARY = "libc++";
				CLANG_ENABLE_MODULES = YES;
				CLANG_ENABLE_OBJC_ARC = YES;
				CLANG_ENABLE_OBJC_WEAK = YES;
				CLANG_WARN_BLOCK_CAPTURE_AUTORELEASING = YES;
				CLANG_WARN_BOOL_CONVERSION = YES;
				CLANG_WARN_COMMA = YES;
				CLANG_WARN_CONSTANT_CONVERSION = YES;
				CLANG_WARN_DEPRECATED_OBJC_IMPLEMENTATIONS = YES;
				CLANG_WARN_DIRECT_OBJC_ISA_USAGE = YES_ERROR;
				CLANG_WARN_DOCUMENTATION_COMMENTS = YES;
				CLANG_WARN_EMPTY_BODY = YES;
				CLANG_WARN_ENUM_CONVERSION = YES;
				CLANG_WARN_INFINITE_RECURSION = YES;
				CLANG_WARN_INT_CONVERSION = YES;
				CLANG_WARN_NON_LITERAL_NULL_CONVERSION = YES;
				CLANG_WARN_OBJC_IMPLICIT_RETAIN_SELF = YES;
				CLANG_WARN_OBJC_LITERAL_CONVERSION = YES;
				CLANG_WARN_OBJC_ROOT_CLASS = YES_ERROR;
				CLANG_WARN_RANGE_LOOP_ANALYSIS = YES;
				CLANG_WARN_STRICT_PROTOTYPES = YES;
				CLANG_WARN_SUSPICIOUS_MOVE = YES;
				CLANG_WARN_UNGUARDED_AVAILABILITY = YES_AGGRESSIVE;
				CLANG_WARN_UNREACHABLE_CODE = YES;
				CLANG_WARN__DUPLICATE_METHOD_MATCH = YES;
				COPY_PHASE_STRIP = NO;
				DEBUG_INFORMATION_FORMAT = "dwarf-with-dsym";
				ENABLE_NS_ASSERTIONS = NO;
				ENABLE_STRICT_OBJC_MSGSEND = YES;
				GCC_C_LANGUAGE_STANDARD = gnu11;
				GCC_NO_COMMON_BLOCKS = YES;
				GCC_WARN_64_TO_32_BIT_CONVERSION = YES;
				GCC_WARN_ABOUT_RETURN_TYPE = YES_ERROR;
				GCC_WARN_UNDECLARED_SELECTOR = YES;
				GCC_WARN_UNINITIALIZED_AUTOS = YES_AGGRESSIVE;
				GCC_WARN_UNUSED_FUNCTION = YES;
				GCC_WARN_UNUSED_VARIABLE = YES;
				IPHONEOS_DEPLOYMENT_TARGET = 13.2;
				MTL_ENABLE_DEBUG_INFO = NO;
				MTL_FAST_MATH = YES;
				SDKROOT = iphoneos;
				SWIFT_COMPILATION_MODE = wholemodule;
				SWIFT_OPTIMIZATION_LEVEL = "-O";
				VALIDATE_PRODUCT = YES;
			};
			name = Release;
		};
		7288851A24AD959D0022DCF3 /* Debug */ = {
			isa = XCBuildConfiguration;
			buildSettings = {
				ASSETCATALOG_COMPILER_APPICON_NAME = AppIcon;
				CODE_SIGN_STYLE = Automatic;
				DEVELOPMENT_ASSET_PATHS = "\"CollectionView/Preview Content\"";
				ENABLE_PREVIEWS = YES;
				INFOPLIST_FILE = CollectionView/Info.plist;
				LD_RUNPATH_SEARCH_PATHS = (
					"$(inherited)",
					"@executable_path/Frameworks",
				);
				PRODUCT_BUNDLE_IDENTIFIER = com.asiantech.CollectionView;
				PRODUCT_NAME = "$(TARGET_NAME)";
				SWIFT_VERSION = 5.0;
				TARGETED_DEVICE_FAMILY = "1,2";
			};
			name = Debug;
		};
		7288851B24AD959D0022DCF3 /* Release */ = {
			isa = XCBuildConfiguration;
			buildSettings = {
				ASSETCATALOG_COMPILER_APPICON_NAME = AppIcon;
				CODE_SIGN_STYLE = Automatic;
				DEVELOPMENT_ASSET_PATHS = "\"CollectionView/Preview Content\"";
				ENABLE_PREVIEWS = YES;
				INFOPLIST_FILE = CollectionView/Info.plist;
				LD_RUNPATH_SEARCH_PATHS = (
					"$(inherited)",
					"@executable_path/Frameworks",
				);
				PRODUCT_BUNDLE_IDENTIFIER = com.asiantech.CollectionView;
				PRODUCT_NAME = "$(TARGET_NAME)";
				SWIFT_VERSION = 5.0;
				TARGETED_DEVICE_FAMILY = "1,2";
			};
			name = Release;
		};
/* End XCBuildConfiguration section */

/* Begin XCConfigurationList section */
		7288850024AD959B0022DCF3 /* Build configuration list for PBXProject "CollectionView" */ = {
			isa = XCConfigurationList;
			buildConfigurations = (
				7288851724AD959D0022DCF3 /* Debug */,
				7288851824AD959D0022DCF3 /* Release */,
			);
			defaultConfigurationIsVisible = 0;
			defaultConfigurationName = Release;
		};
		7288851924AD959D0022DCF3 /* Build configuration list for PBXNativeTarget "CollectionView" */ = {
			isa = XCConfigurationList;
			buildConfigurations = (
				7288851A24AD959D0022DCF3 /* Debug */,
				7288851B24AD959D0022DCF3 /* Release */,
			);
			defaultConfigurationIsVisible = 0;
			defaultConfigurationName = Release;
		};
/* End XCConfigurationList section */
	};
	rootObject = 728884FD24AD959B0022DCF3 /* Project object */;
}
