// !$*UTF8*$!
{
	archiveVersion = 1;
	classes = {
	};
	objectVersion = 50;
	objects = {

/* Begin PBXBuildFile section */
		A4AC52A224591B6B00F431DC /* AppDelegate.swift in Sources */ = {isa = PBXBuildFile; fileRef = A4AC52A124591B6B00F431DC /* AppDelegate.swift */; };
		A4AC52A424591B6B00F431DC /* SceneDelegate.swift in Sources */ = {isa = PBXBuildFile; fileRef = A4AC52A324591B6B00F431DC /* SceneDelegate.swift */; };
		A4AC52AB24591B6C00F431DC /* Assets.xcassets in Resources */ = {isa = PBXBuildFile; fileRef = A4AC52AA24591B6C00F431DC /* Assets.xcassets */; };
		A4AC52AE24591B6C00F431DC /* LaunchScreen.storyboard in Resources */ = {isa = PBXBuildFile; fileRef = A4AC52AC24591B6C00F431DC /* LaunchScreen.storyboard */; };
		A4AC52B724591BAF00F431DC /* HomeViewController.swift in Sources */ = {isa = PBXBuildFile; fileRef = A4AC52B524591BAF00F431DC /* HomeViewController.swift */; };
		A4AC52B824591BAF00F431DC /* HomeViewController.xib in Resources */ = {isa = PBXBuildFile; fileRef = A4AC52B624591BAF00F431DC /* HomeViewController.xib */; };
		A4AC52BA24591C0D00F431DC /* HomeViewModel.swift in Sources */ = {isa = PBXBuildFile; fileRef = A4AC52B924591C0D00F431DC /* HomeViewModel.swift */; };
		A4AC52BD24591C3000F431DC /* HomeTableViewCell.swift in Sources */ = {isa = PBXBuildFile; fileRef = A4AC52BB24591C3000F431DC /* HomeTableViewCell.swift */; };
		A4AC52BE24591C3000F431DC /* HomeTableViewCell.xib in Resources */ = {isa = PBXBuildFile; fileRef = A4AC52BC24591C3000F431DC /* HomeTableViewCell.xib */; };
		A4AC52C024591C3F00F431DC /* HomeCellModel.swift in Sources */ = {isa = PBXBuildFile; fileRef = A4AC52BF24591C3F00F431DC /* HomeCellModel.swift */; };
		A4AC52C22459201600F431DC /* Data.swift in Sources */ = {isa = PBXBuildFile; fileRef = A4AC52C12459201600F431DC /* Data.swift */; };
/* End PBXBuildFile section */

/* Begin PBXFileReference section */
		A4AC529E24591B6B00F431DC /* BaiTest.app */ = {isa = PBXFileReference; explicitFileType = wrapper.application; includeInIndex = 0; path = BaiTest.app; sourceTree = BUILT_PRODUCTS_DIR; };
		A4AC52A124591B6B00F431DC /* AppDelegate.swift */ = {isa = PBXFileReference; lastKnownFileType = sourcecode.swift; path = AppDelegate.swift; sourceTree = "<group>"; };
		A4AC52A324591B6B00F431DC /* SceneDelegate.swift */ = {isa = PBXFileReference; lastKnownFileType = sourcecode.swift; path = SceneDelegate.swift; sourceTree = "<group>"; };
		A4AC52AA24591B6C00F431DC /* Assets.xcassets */ = {isa = PBXFileReference; lastKnownFileType = folder.assetcatalog; path = Assets.xcassets; sourceTree = "<group>"; };
		A4AC52AD24591B6C00F431DC /* Base */ = {isa = PBXFileReference; lastKnownFileType = file.storyboard; name = Base; path = Base.lproj/LaunchScreen.storyboard; sourceTree = "<group>"; };
		A4AC52AF24591B6C00F431DC /* Info.plist */ = {isa = PBXFileReference; lastKnownFileType = text.plist.xml; path = Info.plist; sourceTree = "<group>"; };
		A4AC52B524591BAF00F431DC /* HomeViewController.swift */ = {isa = PBXFileReference; lastKnownFileType = sourcecode.swift; path = HomeViewController.swift; sourceTree = "<group>"; };
		A4AC52B624591BAF00F431DC /* HomeViewController.xib */ = {isa = PBXFileReference; lastKnownFileType = file.xib; path = HomeViewController.xib; sourceTree = "<group>"; };
		A4AC52B924591C0D00F431DC /* HomeViewModel.swift */ = {isa = PBXFileReference; lastKnownFileType = sourcecode.swift; path = HomeViewModel.swift; sourceTree = "<group>"; };
		A4AC52BB24591C3000F431DC /* HomeTableViewCell.swift */ = {isa = PBXFileReference; lastKnownFileType = sourcecode.swift; path = HomeTableViewCell.swift; sourceTree = "<group>"; };
		A4AC52BC24591C3000F431DC /* HomeTableViewCell.xib */ = {isa = PBXFileReference; lastKnownFileType = file.xib; path = HomeTableViewCell.xib; sourceTree = "<group>"; };
		A4AC52BF24591C3F00F431DC /* HomeCellModel.swift */ = {isa = PBXFileReference; lastKnownFileType = sourcecode.swift; path = HomeCellModel.swift; sourceTree = "<group>"; };
		A4AC52C12459201600F431DC /* Data.swift */ = {isa = PBXFileReference; lastKnownFileType = sourcecode.swift; path = Data.swift; sourceTree = "<group>"; };
/* End PBXFileReference section */

/* Begin PBXFrameworksBuildPhase section */
		A4AC529B24591B6B00F431DC /* Frameworks */ = {
			isa = PBXFrameworksBuildPhase;
			buildActionMask = 2147483647;
			files = (
			);
			runOnlyForDeploymentPostprocessing = 0;
		};
/* End PBXFrameworksBuildPhase section */

/* Begin PBXGroup section */
		A4AC529524591B6B00F431DC = {
			isa = PBXGroup;
			children = (
				A4AC52A024591B6B00F431DC /* BaiTest */,
				A4AC529F24591B6B00F431DC /* Products */,
			);
			sourceTree = "<group>";
		};
		A4AC529F24591B6B00F431DC /* Products */ = {
			isa = PBXGroup;
			children = (
				A4AC529E24591B6B00F431DC /* BaiTest.app */,
			);
			name = Products;
			sourceTree = "<group>";
		};
		A4AC52A024591B6B00F431DC /* BaiTest */ = {
			isa = PBXGroup;
			children = (
				A4AC52A124591B6B00F431DC /* AppDelegate.swift */,
				A4AC52A324591B6B00F431DC /* SceneDelegate.swift */,
				A4AC52AA24591B6C00F431DC /* Assets.xcassets */,
				A4AC52AC24591B6C00F431DC /* LaunchScreen.storyboard */,
				A4AC52AF24591B6C00F431DC /* Info.plist */,
				A4AC52C12459201600F431DC /* Data.swift */,
				A4AC52B524591BAF00F431DC /* HomeViewController.swift */,
				A4AC52B624591BAF00F431DC /* HomeViewController.xib */,
				A4AC52B924591C0D00F431DC /* HomeViewModel.swift */,
				A4AC52BB24591C3000F431DC /* HomeTableViewCell.swift */,
				A4AC52BC24591C3000F431DC /* HomeTableViewCell.xib */,
				A4AC52BF24591C3F00F431DC /* HomeCellModel.swift */,
			);
			path = BaiTest;
			sourceTree = "<group>";
		};
/* End PBXGroup section */

/* Begin PBXNativeTarget section */
		A4AC529D24591B6B00F431DC /* BaiTest */ = {
			isa = PBXNativeTarget;
			buildConfigurationList = A4AC52B224591B6C00F431DC /* Build configuration list for PBXNativeTarget "BaiTest" */;
			buildPhases = (
				A4AC529A24591B6B00F431DC /* Sources */,
				A4AC529B24591B6B00F431DC /* Frameworks */,
				A4AC529C24591B6B00F431DC /* Resources */,
			);
			buildRules = (
			);
			dependencies = (
			);
			name = BaiTest;
			productName = BaiTest;
			productReference = A4AC529E24591B6B00F431DC /* BaiTest.app */;
			productType = "com.apple.product-type.application";
		};
/* End PBXNativeTarget section */

/* Begin PBXProject section */
		A4AC529624591B6B00F431DC /* Project object */ = {
			isa = PBXProject;
			attributes = {
				LastSwiftUpdateCheck = 1130;
				LastUpgradeCheck = 1130;
				ORGANIZATIONNAME = QuanBT;
				TargetAttributes = {
					A4AC529D24591B6B00F431DC = {
						CreatedOnToolsVersion = 11.3.1;
					};
				};
			};
			buildConfigurationList = A4AC529924591B6B00F431DC /* Build configuration list for PBXProject "BaiTest" */;
			compatibilityVersion = "Xcode 9.3";
			developmentRegion = en;
			hasScannedForEncodings = 0;
			knownRegions = (
				en,
				Base,
			);
			mainGroup = A4AC529524591B6B00F431DC;
			productRefGroup = A4AC529F24591B6B00F431DC /* Products */;
			projectDirPath = "";
			projectRoot = "";
			targets = (
				A4AC529D24591B6B00F431DC /* BaiTest */,
			);
		};
/* End PBXProject section */

/* Begin PBXResourcesBuildPhase section */
		A4AC529C24591B6B00F431DC /* Resources */ = {
			isa = PBXResourcesBuildPhase;
			buildActionMask = 2147483647;
			files = (
				A4AC52AE24591B6C00F431DC /* LaunchScreen.storyboard in Resources */,
				A4AC52AB24591B6C00F431DC /* Assets.xcassets in Resources */,
				A4AC52BE24591C3000F431DC /* HomeTableViewCell.xib in Resources */,
				A4AC52B824591BAF00F431DC /* HomeViewController.xib in Resources */,
			);
			runOnlyForDeploymentPostprocessing = 0;
		};
/* End PBXResourcesBuildPhase section */

/* Begin PBXSourcesBuildPhase section */
		A4AC529A24591B6B00F431DC /* Sources */ = {
			isa = PBXSourcesBuildPhase;
			buildActionMask = 2147483647;
			files = (
				A4AC52C22459201600F431DC /* Data.swift in Sources */,
				A4AC52A224591B6B00F431DC /* AppDelegate.swift in Sources */,
				A4AC52BD24591C3000F431DC /* HomeTableViewCell.swift in Sources */,
				A4AC52C024591C3F00F431DC /* HomeCellModel.swift in Sources */,
				A4AC52A424591B6B00F431DC /* SceneDelegate.swift in Sources */,
				A4AC52B724591BAF00F431DC /* HomeViewController.swift in Sources */,
				A4AC52BA24591C0D00F431DC /* HomeViewModel.swift in Sources */,
			);
			runOnlyForDeploymentPostprocessing = 0;
		};
/* End PBXSourcesBuildPhase section */

/* Begin PBXVariantGroup section */
		A4AC52AC24591B6C00F431DC /* LaunchScreen.storyboard */ = {
			isa = PBXVariantGroup;
			children = (
				A4AC52AD24591B6C00F431DC /* Base */,
			);
			name = LaunchScreen.storyboard;
			sourceTree = "<group>";
		};
/* End PBXVariantGroup section */

/* Begin XCBuildConfiguration section */
		A4AC52B024591B6C00F431DC /* Debug */ = {
			isa = XCBuildConfiguration;
			buildSettings = {
				ALWAYS_SEARCH_USER_PATHS = NO;
				CLANG_ANALYZER_NONNULL = YES;
				CLANG_ANALYZER_NUMBER_OBJECT_CONVERSION = YES_AGGRESSIVE;
				CLANG_CXX_LANGUAGE_STANDARD = "gnu++14";
				CLANG_CXX_LIBRARY = "libc++";
				CLANG_ENABLE_MODULES = YES;
				CLANG_ENABLE_OBJC_ARC = YES;
				CLANG_ENABLE_OBJC_WEAK = YES;
				CLANG_WARN_BLOCK_CAPTURE_AUTORELEASING = YES;
				CLANG_WARN_BOOL_CONVERSION = YES;
				CLANG_WARN_COMMA = YES;
				CLANG_WARN_CONSTANT_CONVERSION = YES;
				CLANG_WARN_DEPRECATED_OBJC_IMPLEMENTATIONS = YES;
				CLANG_WARN_DIRECT_OBJC_ISA_USAGE = YES_ERROR;
				CLANG_WARN_DOCUMENTATION_COMMENTS = YES;
				CLANG_WARN_EMPTY_BODY = YES;
				CLANG_WARN_ENUM_CONVERSION = YES;
				CLANG_WARN_INFINITE_RECURSION = YES;
				CLANG_WARN_INT_CONVERSION = YES;
				CLANG_WARN_NON_LITERAL_NULL_CONVERSION = YES;
				CLANG_WARN_OBJC_IMPLICIT_RETAIN_SELF = YES;
				CLANG_WARN_OBJC_LITERAL_CONVERSION = YES;
				CLANG_WARN_OBJC_ROOT_CLASS = YES_ERROR;
				CLANG_WARN_RANGE_LOOP_ANALYSIS = YES;
				CLANG_WARN_STRICT_PROTOTYPES = YES;
				CLANG_WARN_SUSPICIOUS_MOVE = YES;
				CLANG_WARN_UNGUARDED_AVAILABILITY = YES_AGGRESSIVE;
				CLANG_WARN_UNREACHABLE_CODE = YES;
				CLANG_WARN__DUPLICATE_METHOD_MATCH = YES;
				COPY_PHASE_STRIP = NO;
				DEBUG_INFORMATION_FORMAT = dwarf;
				ENABLE_STRICT_OBJC_MSGSEND = YES;
				ENABLE_TESTABILITY = YES;
				GCC_C_LANGUAGE_STANDARD = gnu11;
				GCC_DYNAMIC_NO_PIC = NO;
				GCC_NO_COMMON_BLOCKS = YES;
				GCC_OPTIMIZATION_LEVEL = 0;
				GCC_PREPROCESSOR_DEFINITIONS = (
					"DEBUG=1",
					"$(inherited)",
				);
				GCC_WARN_64_TO_32_BIT_CONVERSION = YES;
				GCC_WARN_ABOUT_RETURN_TYPE = YES_ERROR;
				GCC_WARN_UNDECLARED_SELECTOR = YES;
				GCC_WARN_UNINITIALIZED_AUTOS = YES_AGGRESSIVE;
				GCC_WARN_UNUSED_FUNCTION = YES;
				GCC_WARN_UNUSED_VARIABLE = YES;
				IPHONEOS_DEPLOYMENT_TARGET = 13.2;
				MTL_ENABLE_DEBUG_INFO = INCLUDE_SOURCE;
				MTL_FAST_MATH = YES;
				ONLY_ACTIVE_ARCH = YES;
				SDKROOT = iphoneos;
				SWIFT_ACTIVE_COMPILATION_CONDITIONS = DEBUG;
				SWIFT_OPTIMIZATION_LEVEL = "-Onone";
			};
			name = Debug;
		};
		A4AC52B124591B6C00F431DC /* Release */ = {
			isa = XCBuildConfiguration;
			buildSettings = {
				ALWAYS_SEARCH_USER_PATHS = NO;
				CLANG_ANALYZER_NONNULL = YES;
				CLANG_ANALYZER_NUMBER_OBJECT_CONVERSION = YES_AGGRESSIVE;
				CLANG_CXX_LANGUAGE_STANDARD = "gnu++14";
				CLANG_CXX_LIBRARY = "libc++";
				CLANG_ENABLE_MODULES = YES;
				CLANG_ENABLE_OBJC_ARC = YES;
				CLANG_ENABLE_OBJC_WEAK = YES;
				CLANG_WARN_BLOCK_CAPTURE_AUTORELEASING = YES;
				CLANG_WARN_BOOL_CONVERSION = YES;
				CLANG_WARN_COMMA = YES;
				CLANG_WARN_CONSTANT_CONVERSION = YES;
				CLANG_WARN_DEPRECATED_OBJC_IMPLEMENTATIONS = YES;
				CLANG_WARN_DIRECT_OBJC_ISA_USAGE = YES_ERROR;
				CLANG_WARN_DOCUMENTATION_COMMENTS = YES;
				CLANG_WARN_EMPTY_BODY = YES;
				CLANG_WARN_ENUM_CONVERSION = YES;
				CLANG_WARN_INFINITE_RECURSION = YES;
				CLANG_WARN_INT_CONVERSION = YES;
				CLANG_WARN_NON_LITERAL_NULL_CONVERSION = YES;
				CLANG_WARN_OBJC_IMPLICIT_RETAIN_SELF = YES;
				CLANG_WARN_OBJC_LITERAL_CONVERSION = YES;
				CLANG_WARN_OBJC_ROOT_CLASS = YES_ERROR;
				CLANG_WARN_RANGE_LOOP_ANALYSIS = YES;
				CLANG_WARN_STRICT_PROTOTYPES = YES;
				CLANG_WARN_SUSPICIOUS_MOVE = YES;
				CLANG_WARN_UNGUARDED_AVAILABILITY = YES_AGGRESSIVE;
				CLANG_WARN_UNREACHABLE_CODE = YES;
				CLANG_WARN__DUPLICATE_METHOD_MATCH = YES;
				COPY_PHASE_STRIP = NO;
				DEBUG_INFORMATION_FORMAT = "dwarf-with-dsym";
				ENABLE_NS_ASSERTIONS = NO;
				ENABLE_STRICT_OBJC_MSGSEND = YES;
				GCC_C_LANGUAGE_STANDARD = gnu11;
				GCC_NO_COMMON_BLOCKS = YES;
				GCC_WARN_64_TO_32_BIT_CONVERSION = YES;
				GCC_WARN_ABOUT_RETURN_TYPE = YES_ERROR;
				GCC_WARN_UNDECLARED_SELECTOR = YES;
				GCC_WARN_UNINITIALIZED_AUTOS = YES_AGGRESSIVE;
				GCC_WARN_UNUSED_FUNCTION = YES;
				GCC_WARN_UNUSED_VARIABLE = YES;
				IPHONEOS_DEPLOYMENT_TARGET = 13.2;
				MTL_ENABLE_DEBUG_INFO = NO;
				MTL_FAST_MATH = YES;
				SDKROOT = iphoneos;
				SWIFT_COMPILATION_MODE = wholemodule;
				SWIFT_OPTIMIZATION_LEVEL = "-O";
				VALIDATE_PRODUCT = YES;
			};
			name = Release;
		};
		A4AC52B324591B6C00F431DC /* Debug */ = {
			isa = XCBuildConfiguration;
			buildSettings = {
				ASSETCATALOG_COMPILER_APPICON_NAME = AppIcon;
				CODE_SIGN_STYLE = Automatic;
				INFOPLIST_FILE = BaiTest/Info.plist;
				LD_RUNPATH_SEARCH_PATHS = (
					"$(inherited)",
					"@executable_path/Frameworks",
				);
				PRODUCT_BUNDLE_IDENTIFIER = QuanBT.BaiTest;
				PRODUCT_NAME = "$(TARGET_NAME)";
				SWIFT_VERSION = 5.0;
				TARGETED_DEVICE_FAMILY = "1,2";
			};
			name = Debug;
		};
		A4AC52B424591B6C00F431DC /* Release */ = {
			isa = XCBuildConfiguration;
			buildSettings = {
				ASSETCATALOG_COMPILER_APPICON_NAME = AppIcon;
				CODE_SIGN_STYLE = Automatic;
				INFOPLIST_FILE = BaiTest/Info.plist;
				LD_RUNPATH_SEARCH_PATHS = (
					"$(inherited)",
					"@executable_path/Frameworks",
				);
				PRODUCT_BUNDLE_IDENTIFIER = QuanBT.BaiTest;
				PRODUCT_NAME = "$(TARGET_NAME)";
				SWIFT_VERSION = 5.0;
				TARGETED_DEVICE_FAMILY = "1,2";
			};
			name = Release;
		};
/* End XCBuildConfiguration section */

/* Begin XCConfigurationList section */
		A4AC529924591B6B00F431DC /* Build configuration list for PBXProject "BaiTest" */ = {
			isa = XCConfigurationList;
			buildConfigurations = (
				A4AC52B024591B6C00F431DC /* Debug */,
				A4AC52B124591B6C00F431DC /* Release */,
			);
			defaultConfigurationIsVisible = 0;
			defaultConfigurationName = Release;
		};
		A4AC52B224591B6C00F431DC /* Build configuration list for PBXNativeTarget "BaiTest" */ = {
			isa = XCConfigurationList;
			buildConfigurations = (
				A4AC52B324591B6C00F431DC /* Debug */,
				A4AC52B424591B6C00F431DC /* Release */,
			);
			defaultConfigurationIsVisible = 0;
			defaultConfigurationName = Release;
		};
/* End XCConfigurationList section */
	};
	rootObject = A4AC529624591B6B00F431DC /* Project object */;
}
