// !$*UTF8*$!
{
	archiveVersion = 1;
	classes = {
	};
	objectVersion = 50;
	objects = {

/* Begin PBXBuildFile section */
		8438E8D8244E9D9A00BC2409 /* DatePickerViewController.swift in Sources */ = {isa = PBXBuildFile; fileRef = 8438E8D6244E9D9A00BC2409 /* DatePickerViewController.swift */; };
		8438E8D9244E9D9A00BC2409 /* DatePickerViewController.xib in Resources */ = {isa = PBXBuildFile; fileRef = 8438E8D7244E9D9A00BC2409 /* DatePickerViewController.xib */; };
		8438E8E0244EA0BA00BC2409 /* DatePickerView.swift in Sources */ = {isa = PBXBuildFile; fileRef = 8438E8DE244EA0BA00BC2409 /* DatePickerView.swift */; };
		8438E8E3244EA64500BC2409 /* DatePickerView.xib in Resources */ = {isa = PBXBuildFile; fileRef = 8438E8E2244EA64500BC2409 /* DatePickerView.xib */; };
		848B5FAF242B5EBD00EB6C66 /* AppDelegate.swift in Sources */ = {isa = PBXBuildFile; fileRef = 848B5FAE242B5EBD00EB6C66 /* AppDelegate.swift */; };
		848B5FB1242B5EBD00EB6C66 /* SceneDelegate.swift in Sources */ = {isa = PBXBuildFile; fileRef = 848B5FB0242B5EBD00EB6C66 /* SceneDelegate.swift */; };
		848B5FB5242B5EBF00EB6C66 /* Assets.xcassets in Resources */ = {isa = PBXBuildFile; fileRef = 848B5FB4242B5EBF00EB6C66 /* Assets.xcassets */; };
		848B5FB8242B5EBF00EB6C66 /* Preview Assets.xcassets in Resources */ = {isa = PBXBuildFile; fileRef = 848B5FB7242B5EBF00EB6C66 /* Preview Assets.xcassets */; };
		848B5FC5242C48CE00EB6C66 /* MyAvatarViewController.swift in Sources */ = {isa = PBXBuildFile; fileRef = 848B5FC3242C48CE00EB6C66 /* MyAvatarViewController.swift */; };
		848B5FC6242C48CE00EB6C66 /* MyAvatarViewController.xib in Resources */ = {isa = PBXBuildFile; fileRef = 848B5FC4242C48CE00EB6C66 /* MyAvatarViewController.xib */; };
		848B5FC8242C4B4A00EB6C66 /* MyAvatar.swift in Sources */ = {isa = PBXBuildFile; fileRef = 848B5FC7242C4B4A00EB6C66 /* MyAvatar.swift */; };
		848B5FD0242DAA7D00EB6C66 /* MySliderViewController.swift in Sources */ = {isa = PBXBuildFile; fileRef = 848B5FCE242DAA7D00EB6C66 /* MySliderViewController.swift */; };
		848B5FD1242DAA7D00EB6C66 /* MySliderViewController.xib in Resources */ = {isa = PBXBuildFile; fileRef = 848B5FCF242DAA7D00EB6C66 /* MySliderViewController.xib */; };
		848B5FD3242DAB3D00EB6C66 /* MySliderView.swift in Sources */ = {isa = PBXBuildFile; fileRef = 848B5FD2242DAB3D00EB6C66 /* MySliderView.swift */; };
		84AEA4BF2430FED3006F541E /* BadgeNumberViewController.swift in Sources */ = {isa = PBXBuildFile; fileRef = 84AEA4BD2430FED3006F541E /* BadgeNumberViewController.swift */; };
		84AEA4C02430FED3006F541E /* BadgeNumberViewController.xib in Resources */ = {isa = PBXBuildFile; fileRef = 84AEA4BE2430FED3006F541E /* BadgeNumberViewController.xib */; };
		84AEA4C22430FF27006F541E /* BadgeNumberButton.swift in Sources */ = {isa = PBXBuildFile; fileRef = 84AEA4C12430FF27006F541E /* BadgeNumberButton.swift */; };
/* End PBXBuildFile section */

/* Begin PBXFileReference section */
		8438E8D6244E9D9A00BC2409 /* DatePickerViewController.swift */ = {isa = PBXFileReference; lastKnownFileType = sourcecode.swift; path = DatePickerViewController.swift; sourceTree = "<group>"; };
		8438E8D7244E9D9A00BC2409 /* DatePickerViewController.xib */ = {isa = PBXFileReference; lastKnownFileType = file.xib; path = DatePickerViewController.xib; sourceTree = "<group>"; };
		8438E8DE244EA0BA00BC2409 /* DatePickerView.swift */ = {isa = PBXFileReference; lastKnownFileType = sourcecode.swift; path = DatePickerView.swift; sourceTree = "<group>"; };
		8438E8E2244EA64500BC2409 /* DatePickerView.xib */ = {isa = PBXFileReference; lastKnownFileType = file.xib; path = DatePickerView.xib; sourceTree = "<group>"; };
		848B5FAB242B5EBD00EB6C66 /* baiTapCustomView.app */ = {isa = PBXFileReference; explicitFileType = wrapper.application; includeInIndex = 0; path = baiTapCustomView.app; sourceTree = BUILT_PRODUCTS_DIR; };
		848B5FAE242B5EBD00EB6C66 /* AppDelegate.swift */ = {isa = PBXFileReference; lastKnownFileType = sourcecode.swift; path = AppDelegate.swift; sourceTree = "<group>"; };
		848B5FB0242B5EBD00EB6C66 /* SceneDelegate.swift */ = {isa = PBXFileReference; lastKnownFileType = sourcecode.swift; path = SceneDelegate.swift; sourceTree = "<group>"; };
		848B5FB4242B5EBF00EB6C66 /* Assets.xcassets */ = {isa = PBXFileReference; lastKnownFileType = folder.assetcatalog; path = Assets.xcassets; sourceTree = "<group>"; };
		848B5FB7242B5EBF00EB6C66 /* Preview Assets.xcassets */ = {isa = PBXFileReference; lastKnownFileType = folder.assetcatalog; path = "Preview Assets.xcassets"; sourceTree = "<group>"; };
		848B5FBC242B5EBF00EB6C66 /* Info.plist */ = {isa = PBXFileReference; lastKnownFileType = text.plist.xml; path = Info.plist; sourceTree = "<group>"; };
		848B5FC3242C48CE00EB6C66 /* MyAvatarViewController.swift */ = {isa = PBXFileReference; lastKnownFileType = sourcecode.swift; path = MyAvatarViewController.swift; sourceTree = "<group>"; };
		848B5FC4242C48CE00EB6C66 /* MyAvatarViewController.xib */ = {isa = PBXFileReference; lastKnownFileType = file.xib; path = MyAvatarViewController.xib; sourceTree = "<group>"; };
		848B5FC7242C4B4A00EB6C66 /* MyAvatar.swift */ = {isa = PBXFileReference; lastKnownFileType = sourcecode.swift; path = MyAvatar.swift; sourceTree = "<group>"; };
		848B5FCE242DAA7D00EB6C66 /* MySliderViewController.swift */ = {isa = PBXFileReference; lastKnownFileType = sourcecode.swift; path = MySliderViewController.swift; sourceTree = "<group>"; };
		848B5FCF242DAA7D00EB6C66 /* MySliderViewController.xib */ = {isa = PBXFileReference; lastKnownFileType = file.xib; path = MySliderViewController.xib; sourceTree = "<group>"; };
		848B5FD2242DAB3D00EB6C66 /* MySliderView.swift */ = {isa = PBXFileReference; lastKnownFileType = sourcecode.swift; path = MySliderView.swift; sourceTree = "<group>"; };
		84AEA4BD2430FED3006F541E /* BadgeNumberViewController.swift */ = {isa = PBXFileReference; lastKnownFileType = sourcecode.swift; path = BadgeNumberViewController.swift; sourceTree = "<group>"; };
		84AEA4BE2430FED3006F541E /* BadgeNumberViewController.xib */ = {isa = PBXFileReference; lastKnownFileType = file.xib; path = BadgeNumberViewController.xib; sourceTree = "<group>"; };
		84AEA4C12430FF27006F541E /* BadgeNumberButton.swift */ = {isa = PBXFileReference; lastKnownFileType = sourcecode.swift; path = BadgeNumberButton.swift; sourceTree = "<group>"; };
/* End PBXFileReference section */

/* Begin PBXFrameworksBuildPhase section */
		848B5FA8242B5EBD00EB6C66 /* Frameworks */ = {
			isa = PBXFrameworksBuildPhase;
			buildActionMask = 2147483647;
			files = (
			);
			runOnlyForDeploymentPostprocessing = 0;
		};
/* End PBXFrameworksBuildPhase section */

/* Begin PBXGroup section */
		8438E8D5244E9D7E00BC2409 /* baiTap4 */ = {
			isa = PBXGroup;
			children = (
				8438E8D6244E9D9A00BC2409 /* DatePickerViewController.swift */,
				8438E8D7244E9D9A00BC2409 /* DatePickerViewController.xib */,
				8438E8DE244EA0BA00BC2409 /* DatePickerView.swift */,
				8438E8E2244EA64500BC2409 /* DatePickerView.xib */,
			);
			path = baiTap4;
			sourceTree = "<group>";
		};
		848B5FA2242B5EBD00EB6C66 = {
			isa = PBXGroup;
			children = (
				848B5FAD242B5EBD00EB6C66 /* baiTapCustomView */,
				848B5FAC242B5EBD00EB6C66 /* Products */,
			);
			sourceTree = "<group>";
		};
		848B5FAC242B5EBD00EB6C66 /* Products */ = {
			isa = PBXGroup;
			children = (
				848B5FAB242B5EBD00EB6C66 /* baiTapCustomView.app */,
			);
			name = Products;
			sourceTree = "<group>";
		};
		848B5FAD242B5EBD00EB6C66 /* baiTapCustomView */ = {
			isa = PBXGroup;
			children = (
				8438E8D5244E9D7E00BC2409 /* baiTap4 */,
				848B5FD424305BA800EB6C66 /* baiTap3 */,
				848B5FCA242DAA0500EB6C66 /* baiTap2 */,
				848B5FC2242C483E00EB6C66 /* baiTap1 */,
				848B5FAE242B5EBD00EB6C66 /* AppDelegate.swift */,
				848B5FB0242B5EBD00EB6C66 /* SceneDelegate.swift */,
				848B5FB4242B5EBF00EB6C66 /* Assets.xcassets */,
				848B5FBC242B5EBF00EB6C66 /* Info.plist */,
				848B5FB6242B5EBF00EB6C66 /* Preview Content */,
			);
			path = baiTapCustomView;
			sourceTree = "<group>";
		};
		848B5FB6242B5EBF00EB6C66 /* Preview Content */ = {
			isa = PBXGroup;
			children = (
				848B5FB7242B5EBF00EB6C66 /* Preview Assets.xcassets */,
			);
			path = "Preview Content";
			sourceTree = "<group>";
		};
		848B5FC2242C483E00EB6C66 /* baiTap1 */ = {
			isa = PBXGroup;
			children = (
				848B5FC3242C48CE00EB6C66 /* MyAvatarViewController.swift */,
				848B5FC4242C48CE00EB6C66 /* MyAvatarViewController.xib */,
				848B5FC7242C4B4A00EB6C66 /* MyAvatar.swift */,
			);
			path = baiTap1;
			sourceTree = "<group>";
		};
		848B5FCA242DAA0500EB6C66 /* baiTap2 */ = {
			isa = PBXGroup;
			children = (
				848B5FCE242DAA7D00EB6C66 /* MySliderViewController.swift */,
				848B5FCF242DAA7D00EB6C66 /* MySliderViewController.xib */,
				848B5FD2242DAB3D00EB6C66 /* MySliderView.swift */,
			);
			path = baiTap2;
			sourceTree = "<group>";
		};
		848B5FD424305BA800EB6C66 /* baiTap3 */ = {
			isa = PBXGroup;
			children = (
				84AEA4BD2430FED3006F541E /* BadgeNumberViewController.swift */,
				84AEA4BE2430FED3006F541E /* BadgeNumberViewController.xib */,
				84AEA4C12430FF27006F541E /* BadgeNumberButton.swift */,
			);
			path = baiTap3;
			sourceTree = "<group>";
		};
/* End PBXGroup section */

/* Begin PBXNativeTarget section */
		848B5FAA242B5EBD00EB6C66 /* baiTapCustomView */ = {
			isa = PBXNativeTarget;
			buildConfigurationList = 848B5FBF242B5EBF00EB6C66 /* Build configuration list for PBXNativeTarget "baiTapCustomView" */;
			buildPhases = (
				848B5FA7242B5EBD00EB6C66 /* Sources */,
				848B5FA8242B5EBD00EB6C66 /* Frameworks */,
				848B5FA9242B5EBD00EB6C66 /* Resources */,
			);
			buildRules = (
			);
			dependencies = (
			);
			name = baiTapCustomView;
			productName = baiTapCustomView;
			productReference = 848B5FAB242B5EBD00EB6C66 /* baiTapCustomView.app */;
			productType = "com.apple.product-type.application";
		};
/* End PBXNativeTarget section */

/* Begin PBXProject section */
		848B5FA3242B5EBD00EB6C66 /* Project object */ = {
			isa = PBXProject;
			attributes = {
				LastSwiftUpdateCheck = 1120;
				LastUpgradeCheck = 1120;
				ORGANIZATIONNAME = asiantech;
				TargetAttributes = {
					848B5FAA242B5EBD00EB6C66 = {
						CreatedOnToolsVersion = 11.2.1;
					};
				};
			};
			buildConfigurationList = 848B5FA6242B5EBD00EB6C66 /* Build configuration list for PBXProject "baiTapCustomView" */;
			compatibilityVersion = "Xcode 9.3";
			developmentRegion = en;
			hasScannedForEncodings = 0;
			knownRegions = (
				en,
				Base,
			);
			mainGroup = 848B5FA2242B5EBD00EB6C66;
			productRefGroup = 848B5FAC242B5EBD00EB6C66 /* Products */;
			projectDirPath = "";
			projectRoot = "";
			targets = (
				848B5FAA242B5EBD00EB6C66 /* baiTapCustomView */,
			);
		};
/* End PBXProject section */

/* Begin PBXResourcesBuildPhase section */
		848B5FA9242B5EBD00EB6C66 /* Resources */ = {
			isa = PBXResourcesBuildPhase;
			buildActionMask = 2147483647;
			files = (
				848B5FD1242DAA7D00EB6C66 /* MySliderViewController.xib in Resources */,
				8438E8E3244EA64500BC2409 /* DatePickerView.xib in Resources */,
				848B5FB8242B5EBF00EB6C66 /* Preview Assets.xcassets in Resources */,
				848B5FB5242B5EBF00EB6C66 /* Assets.xcassets in Resources */,
				848B5FC6242C48CE00EB6C66 /* MyAvatarViewController.xib in Resources */,
				8438E8D9244E9D9A00BC2409 /* DatePickerViewController.xib in Resources */,
				84AEA4C02430FED3006F541E /* BadgeNumberViewController.xib in Resources */,
			);
			runOnlyForDeploymentPostprocessing = 0;
		};
/* End PBXResourcesBuildPhase section */

/* Begin PBXSourcesBuildPhase section */
		848B5FA7242B5EBD00EB6C66 /* Sources */ = {
			isa = PBXSourcesBuildPhase;
			buildActionMask = 2147483647;
			files = (
				84AEA4C22430FF27006F541E /* BadgeNumberButton.swift in Sources */,
				848B5FD0242DAA7D00EB6C66 /* MySliderViewController.swift in Sources */,
				8438E8D8244E9D9A00BC2409 /* DatePickerViewController.swift in Sources */,
				848B5FAF242B5EBD00EB6C66 /* AppDelegate.swift in Sources */,
				848B5FD3242DAB3D00EB6C66 /* MySliderView.swift in Sources */,
				848B5FB1242B5EBD00EB6C66 /* SceneDelegate.swift in Sources */,
				8438E8E0244EA0BA00BC2409 /* DatePickerView.swift in Sources */,
				84AEA4BF2430FED3006F541E /* BadgeNumberViewController.swift in Sources */,
				848B5FC5242C48CE00EB6C66 /* MyAvatarViewController.swift in Sources */,
				848B5FC8242C4B4A00EB6C66 /* MyAvatar.swift in Sources */,
			);
			runOnlyForDeploymentPostprocessing = 0;
		};
/* End PBXSourcesBuildPhase section */

/* Begin XCBuildConfiguration section */
		848B5FBD242B5EBF00EB6C66 /* Debug */ = {
			isa = XCBuildConfiguration;
			buildSettings = {
				ALWAYS_SEARCH_USER_PATHS = NO;
				CLANG_ANALYZER_NONNULL = YES;
				CLANG_ANALYZER_NUMBER_OBJECT_CONVERSION = YES_AGGRESSIVE;
				CLANG_CXX_LANGUAGE_STANDARD = "gnu++14";
				CLANG_CXX_LIBRARY = "libc++";
				CLANG_ENABLE_MODULES = YES;
				CLANG_ENABLE_OBJC_ARC = YES;
				CLANG_ENABLE_OBJC_WEAK = YES;
				CLANG_WARN_BLOCK_CAPTURE_AUTORELEASING = YES;
				CLANG_WARN_BOOL_CONVERSION = YES;
				CLANG_WARN_COMMA = YES;
				CLANG_WARN_CONSTANT_CONVERSION = YES;
				CLANG_WARN_DEPRECATED_OBJC_IMPLEMENTATIONS = YES;
				CLANG_WARN_DIRECT_OBJC_ISA_USAGE = YES_ERROR;
				CLANG_WARN_DOCUMENTATION_COMMENTS = YES;
				CLANG_WARN_EMPTY_BODY = YES;
				CLANG_WARN_ENUM_CONVERSION = YES;
				CLANG_WARN_INFINITE_RECURSION = YES;
				CLANG_WARN_INT_CONVERSION = YES;
				CLANG_WARN_NON_LITERAL_NULL_CONVERSION = YES;
				CLANG_WARN_OBJC_IMPLICIT_RETAIN_SELF = YES;
				CLANG_WARN_OBJC_LITERAL_CONVERSION = YES;
				CLANG_WARN_OBJC_ROOT_CLASS = YES_ERROR;
				CLANG_WARN_RANGE_LOOP_ANALYSIS = YES;
				CLANG_WARN_STRICT_PROTOTYPES = YES;
				CLANG_WARN_SUSPICIOUS_MOVE = YES;
				CLANG_WARN_UNGUARDED_AVAILABILITY = YES_AGGRESSIVE;
				CLANG_WARN_UNREACHABLE_CODE = YES;
				CLANG_WARN__DUPLICATE_METHOD_MATCH = YES;
				COPY_PHASE_STRIP = NO;
				DEBUG_INFORMATION_FORMAT = dwarf;
				ENABLE_STRICT_OBJC_MSGSEND = YES;
				ENABLE_TESTABILITY = YES;
				GCC_C_LANGUAGE_STANDARD = gnu11;
				GCC_DYNAMIC_NO_PIC = NO;
				GCC_NO_COMMON_BLOCKS = YES;
				GCC_OPTIMIZATION_LEVEL = 0;
				GCC_PREPROCESSOR_DEFINITIONS = (
					"DEBUG=1",
					"$(inherited)",
				);
				GCC_WARN_64_TO_32_BIT_CONVERSION = YES;
				GCC_WARN_ABOUT_RETURN_TYPE = YES_ERROR;
				GCC_WARN_UNDECLARED_SELECTOR = YES;
				GCC_WARN_UNINITIALIZED_AUTOS = YES_AGGRESSIVE;
				GCC_WARN_UNUSED_FUNCTION = YES;
				GCC_WARN_UNUSED_VARIABLE = YES;
				IPHONEOS_DEPLOYMENT_TARGET = 13.2;
				MTL_ENABLE_DEBUG_INFO = INCLUDE_SOURCE;
				MTL_FAST_MATH = YES;
				ONLY_ACTIVE_ARCH = YES;
				SDKROOT = iphoneos;
				SWIFT_ACTIVE_COMPILATION_CONDITIONS = DEBUG;
				SWIFT_OPTIMIZATION_LEVEL = "-Onone";
			};
			name = Debug;
		};
		848B5FBE242B5EBF00EB6C66 /* Release */ = {
			isa = XCBuildConfiguration;
			buildSettings = {
				ALWAYS_SEARCH_USER_PATHS = NO;
				CLANG_ANALYZER_NONNULL = YES;
				CLANG_ANALYZER_NUMBER_OBJECT_CONVERSION = YES_AGGRESSIVE;
				CLANG_CXX_LANGUAGE_STANDARD = "gnu++14";
				CLANG_CXX_LIBRARY = "libc++";
				CLANG_ENABLE_MODULES = YES;
				CLANG_ENABLE_OBJC_ARC = YES;
				CLANG_ENABLE_OBJC_WEAK = YES;
				CLANG_WARN_BLOCK_CAPTURE_AUTORELEASING = YES;
				CLANG_WARN_BOOL_CONVERSION = YES;
				CLANG_WARN_COMMA = YES;
				CLANG_WARN_CONSTANT_CONVERSION = YES;
				CLANG_WARN_DEPRECATED_OBJC_IMPLEMENTATIONS = YES;
				CLANG_WARN_DIRECT_OBJC_ISA_USAGE = YES_ERROR;
				CLANG_WARN_DOCUMENTATION_COMMENTS = YES;
				CLANG_WARN_EMPTY_BODY = YES;
				CLANG_WARN_ENUM_CONVERSION = YES;
				CLANG_WARN_INFINITE_RECURSION = YES;
				CLANG_WARN_INT_CONVERSION = YES;
				CLANG_WARN_NON_LITERAL_NULL_CONVERSION = YES;
				CLANG_WARN_OBJC_IMPLICIT_RETAIN_SELF = YES;
				CLANG_WARN_OBJC_LITERAL_CONVERSION = YES;
				CLANG_WARN_OBJC_ROOT_CLASS = YES_ERROR;
				CLANG_WARN_RANGE_LOOP_ANALYSIS = YES;
				CLANG_WARN_STRICT_PROTOTYPES = YES;
				CLANG_WARN_SUSPICIOUS_MOVE = YES;
				CLANG_WARN_UNGUARDED_AVAILABILITY = YES_AGGRESSIVE;
				CLANG_WARN_UNREACHABLE_CODE = YES;
				CLANG_WARN__DUPLICATE_METHOD_MATCH = YES;
				COPY_PHASE_STRIP = NO;
				DEBUG_INFORMATION_FORMAT = "dwarf-with-dsym";
				ENABLE_NS_ASSERTIONS = NO;
				ENABLE_STRICT_OBJC_MSGSEND = YES;
				GCC_C_LANGUAGE_STANDARD = gnu11;
				GCC_NO_COMMON_BLOCKS = YES;
				GCC_WARN_64_TO_32_BIT_CONVERSION = YES;
				GCC_WARN_ABOUT_RETURN_TYPE = YES_ERROR;
				GCC_WARN_UNDECLARED_SELECTOR = YES;
				GCC_WARN_UNINITIALIZED_AUTOS = YES_AGGRESSIVE;
				GCC_WARN_UNUSED_FUNCTION = YES;
				GCC_WARN_UNUSED_VARIABLE = YES;
				IPHONEOS_DEPLOYMENT_TARGET = 13.2;
				MTL_ENABLE_DEBUG_INFO = NO;
				MTL_FAST_MATH = YES;
				SDKROOT = iphoneos;
				SWIFT_COMPILATION_MODE = wholemodule;
				SWIFT_OPTIMIZATION_LEVEL = "-O";
				VALIDATE_PRODUCT = YES;
			};
			name = Release;
		};
		848B5FC0242B5EBF00EB6C66 /* Debug */ = {
			isa = XCBuildConfiguration;
			buildSettings = {
				ASSETCATALOG_COMPILER_APPICON_NAME = AppIcon;
				CODE_SIGN_STYLE = Automatic;
				DEVELOPMENT_ASSET_PATHS = "\"baiTapCustomView/Preview Content\"";
				ENABLE_PREVIEWS = YES;
				INFOPLIST_FILE = baiTapCustomView/Info.plist;
				LD_RUNPATH_SEARCH_PATHS = (
					"$(inherited)",
					"@executable_path/Frameworks",
				);
				PRODUCT_BUNDLE_IDENTIFIER = com.asiantech.baiTapCustomView;
				PRODUCT_NAME = "$(TARGET_NAME)";
				SWIFT_VERSION = 5.0;
				TARGETED_DEVICE_FAMILY = "1,2";
			};
			name = Debug;
		};
		848B5FC1242B5EBF00EB6C66 /* Release */ = {
			isa = XCBuildConfiguration;
			buildSettings = {
				ASSETCATALOG_COMPILER_APPICON_NAME = AppIcon;
				CODE_SIGN_STYLE = Automatic;
				DEVELOPMENT_ASSET_PATHS = "\"baiTapCustomView/Preview Content\"";
				ENABLE_PREVIEWS = YES;
				INFOPLIST_FILE = baiTapCustomView/Info.plist;
				LD_RUNPATH_SEARCH_PATHS = (
					"$(inherited)",
					"@executable_path/Frameworks",
				);
				PRODUCT_BUNDLE_IDENTIFIER = com.asiantech.baiTapCustomView;
				PRODUCT_NAME = "$(TARGET_NAME)";
				SWIFT_VERSION = 5.0;
				TARGETED_DEVICE_FAMILY = "1,2";
			};
			name = Release;
		};
/* End XCBuildConfiguration section */

/* Begin XCConfigurationList section */
		848B5FA6242B5EBD00EB6C66 /* Build configuration list for PBXProject "baiTapCustomView" */ = {
			isa = XCConfigurationList;
			buildConfigurations = (
				848B5FBD242B5EBF00EB6C66 /* Debug */,
				848B5FBE242B5EBF00EB6C66 /* Release */,
			);
			defaultConfigurationIsVisible = 0;
			defaultConfigurationName = Release;
		};
		848B5FBF242B5EBF00EB6C66 /* Build configuration list for PBXNativeTarget "baiTapCustomView" */ = {
			isa = XCConfigurationList;
			buildConfigurations = (
				848B5FC0242B5EBF00EB6C66 /* Debug */,
				848B5FC1242B5EBF00EB6C66 /* Release */,
			);
			defaultConfigurationIsVisible = 0;
			defaultConfigurationName = Release;
		};
/* End XCConfigurationList section */
	};
	rootObject = 848B5FA3242B5EBD00EB6C66 /* Project object */;
}
