// !$*UTF8*$!
{
	archiveVersion = 1;
	classes = {
	};
	objectVersion = 50;
	objects = {

/* Begin PBXBuildFile section */
		F058CF33242460A600315C38 /* AppDelegate.swift in Sources */ = {isa = PBXBuildFile; fileRef = F058CF32242460A600315C38 /* AppDelegate.swift */; };
		F058CF35242460A600315C38 /* SceneDelegate.swift in Sources */ = {isa = PBXBuildFile; fileRef = F058CF34242460A600315C38 /* SceneDelegate.swift */; };
		F058CF3C242460A700315C38 /* Assets.xcassets in Resources */ = {isa = PBXBuildFile; fileRef = F058CF3B242460A700315C38 /* Assets.xcassets */; };
		F058CF492424610200315C38 /* Bai6v1ViewController.swift in Sources */ = {isa = PBXBuildFile; fileRef = F058CF472424610200315C38 /* Bai6v1ViewController.swift */; };
		F058CF4A2424610200315C38 /* Bai6v1ViewController.xib in Resources */ = {isa = PBXBuildFile; fileRef = F058CF482424610200315C38 /* Bai6v1ViewController.xib */; };
		F058CF4E242464AA00315C38 /* Bai6v2ViewController.swift in Sources */ = {isa = PBXBuildFile; fileRef = F058CF4C242464AA00315C38 /* Bai6v2ViewController.swift */; };
		F058CF4F242464AA00315C38 /* Bai6v2ViewController.xib in Resources */ = {isa = PBXBuildFile; fileRef = F058CF4D242464AA00315C38 /* Bai6v2ViewController.xib */; };
		F058CF532424687000315C38 /* Bai6v3ViewController.swift in Sources */ = {isa = PBXBuildFile; fileRef = F058CF512424687000315C38 /* Bai6v3ViewController.swift */; };
		F058CF542424687000315C38 /* Bai6v3ViewController.xib in Resources */ = {isa = PBXBuildFile; fileRef = F058CF522424687000315C38 /* Bai6v3ViewController.xib */; };
		F058CF58242473A800315C38 /* Bai6v4ViewController.swift in Sources */ = {isa = PBXBuildFile; fileRef = F058CF56242473A800315C38 /* Bai6v4ViewController.swift */; };
		F058CF59242473A800315C38 /* Bai6v4ViewController.xib in Resources */ = {isa = PBXBuildFile; fileRef = F058CF57242473A800315C38 /* Bai6v4ViewController.xib */; };
/* End PBXBuildFile section */

/* Begin PBXFileReference section */
		F058CF2F242460A600315C38 /* Bai6.app */ = {isa = PBXFileReference; explicitFileType = wrapper.application; includeInIndex = 0; path = Bai6.app; sourceTree = BUILT_PRODUCTS_DIR; };
		F058CF32242460A600315C38 /* AppDelegate.swift */ = {isa = PBXFileReference; lastKnownFileType = sourcecode.swift; path = AppDelegate.swift; sourceTree = "<group>"; };
		F058CF34242460A600315C38 /* SceneDelegate.swift */ = {isa = PBXFileReference; lastKnownFileType = sourcecode.swift; path = SceneDelegate.swift; sourceTree = "<group>"; };
		F058CF3B242460A700315C38 /* Assets.xcassets */ = {isa = PBXFileReference; lastKnownFileType = folder.assetcatalog; path = Assets.xcassets; sourceTree = "<group>"; };
		F058CF40242460A700315C38 /* Info.plist */ = {isa = PBXFileReference; lastKnownFileType = text.plist.xml; path = Info.plist; sourceTree = "<group>"; };
		F058CF472424610200315C38 /* Bai6v1ViewController.swift */ = {isa = PBXFileReference; lastKnownFileType = sourcecode.swift; path = Bai6v1ViewController.swift; sourceTree = "<group>"; };
		F058CF482424610200315C38 /* Bai6v1ViewController.xib */ = {isa = PBXFileReference; lastKnownFileType = file.xib; path = Bai6v1ViewController.xib; sourceTree = "<group>"; };
		F058CF4C242464AA00315C38 /* Bai6v2ViewController.swift */ = {isa = PBXFileReference; lastKnownFileType = sourcecode.swift; path = Bai6v2ViewController.swift; sourceTree = "<group>"; };
		F058CF4D242464AA00315C38 /* Bai6v2ViewController.xib */ = {isa = PBXFileReference; lastKnownFileType = file.xib; path = Bai6v2ViewController.xib; sourceTree = "<group>"; };
		F058CF512424687000315C38 /* Bai6v3ViewController.swift */ = {isa = PBXFileReference; lastKnownFileType = sourcecode.swift; path = Bai6v3ViewController.swift; sourceTree = "<group>"; };
		F058CF522424687000315C38 /* Bai6v3ViewController.xib */ = {isa = PBXFileReference; lastKnownFileType = file.xib; path = Bai6v3ViewController.xib; sourceTree = "<group>"; };
		F058CF56242473A800315C38 /* Bai6v4ViewController.swift */ = {isa = PBXFileReference; lastKnownFileType = sourcecode.swift; path = Bai6v4ViewController.swift; sourceTree = "<group>"; };
		F058CF57242473A800315C38 /* Bai6v4ViewController.xib */ = {isa = PBXFileReference; lastKnownFileType = file.xib; path = Bai6v4ViewController.xib; sourceTree = "<group>"; };
/* End PBXFileReference section */

/* Begin PBXFrameworksBuildPhase section */
		F058CF2C242460A600315C38 /* Frameworks */ = {
			isa = PBXFrameworksBuildPhase;
			buildActionMask = 2147483647;
			files = (
			);
			runOnlyForDeploymentPostprocessing = 0;
		};
/* End PBXFrameworksBuildPhase section */

/* Begin PBXGroup section */
		F058CF26242460A600315C38 = {
			isa = PBXGroup;
			children = (
				F058CF31242460A600315C38 /* Bai6 */,
				F058CF30242460A600315C38 /* Products */,
			);
			sourceTree = "<group>";
		};
		F058CF30242460A600315C38 /* Products */ = {
			isa = PBXGroup;
			children = (
				F058CF2F242460A600315C38 /* Bai6.app */,
			);
			name = Products;
			sourceTree = "<group>";
		};
		F058CF31242460A600315C38 /* Bai6 */ = {
			isa = PBXGroup;
			children = (
				F058CF552424739500315C38 /* Bai6v4 */,
				F058CF502424685C00315C38 /* Bai6v3 */,
				F058CF4B242463E600315C38 /* Bai6v2 */,
				F058CF46242460F000315C38 /* Bai6v1 */,
				F058CF32242460A600315C38 /* AppDelegate.swift */,
				F058CF34242460A600315C38 /* SceneDelegate.swift */,
				F058CF3B242460A700315C38 /* Assets.xcassets */,
				F058CF40242460A700315C38 /* Info.plist */,
			);
			path = Bai6;
			sourceTree = "<group>";
		};
		F058CF46242460F000315C38 /* Bai6v1 */ = {
			isa = PBXGroup;
			children = (
				F058CF472424610200315C38 /* Bai6v1ViewController.swift */,
				F058CF482424610200315C38 /* Bai6v1ViewController.xib */,
			);
			path = Bai6v1;
			sourceTree = "<group>";
		};
		F058CF4B242463E600315C38 /* Bai6v2 */ = {
			isa = PBXGroup;
			children = (
				F058CF4C242464AA00315C38 /* Bai6v2ViewController.swift */,
				F058CF4D242464AA00315C38 /* Bai6v2ViewController.xib */,
			);
			path = Bai6v2;
			sourceTree = "<group>";
		};
		F058CF502424685C00315C38 /* Bai6v3 */ = {
			isa = PBXGroup;
			children = (
				F058CF512424687000315C38 /* Bai6v3ViewController.swift */,
				F058CF522424687000315C38 /* Bai6v3ViewController.xib */,
			);
			path = Bai6v3;
			sourceTree = "<group>";
		};
		F058CF552424739500315C38 /* Bai6v4 */ = {
			isa = PBXGroup;
			children = (
				F058CF56242473A800315C38 /* Bai6v4ViewController.swift */,
				F058CF57242473A800315C38 /* Bai6v4ViewController.xib */,
			);
			path = Bai6v4;
			sourceTree = "<group>";
		};
/* End PBXGroup section */

/* Begin PBXNativeTarget section */
		F058CF2E242460A600315C38 /* Bai6 */ = {
			isa = PBXNativeTarget;
			buildConfigurationList = F058CF43242460A700315C38 /* Build configuration list for PBXNativeTarget "Bai6" */;
			buildPhases = (
				F058CF2B242460A600315C38 /* Sources */,
				F058CF2C242460A600315C38 /* Frameworks */,
				F058CF2D242460A600315C38 /* Resources */,
			);
			buildRules = (
			);
			dependencies = (
			);
			name = Bai6;
			productName = Bai6;
			productReference = F058CF2F242460A600315C38 /* Bai6.app */;
			productType = "com.apple.product-type.application";
		};
/* End PBXNativeTarget section */

/* Begin PBXProject section */
		F058CF27242460A600315C38 /* Project object */ = {
			isa = PBXProject;
			attributes = {
				LastSwiftUpdateCheck = 1120;
				LastUpgradeCheck = 1120;
				ORGANIZATIONNAME = LeThanhLam;
				TargetAttributes = {
					F058CF2E242460A600315C38 = {
						CreatedOnToolsVersion = 11.2;
					};
				};
			};
			buildConfigurationList = F058CF2A242460A600315C38 /* Build configuration list for PBXProject "Bai6" */;
			compatibilityVersion = "Xcode 9.3";
			developmentRegion = en;
			hasScannedForEncodings = 0;
			knownRegions = (
				en,
				Base,
			);
			mainGroup = F058CF26242460A600315C38;
			productRefGroup = F058CF30242460A600315C38 /* Products */;
			projectDirPath = "";
			projectRoot = "";
			targets = (
				F058CF2E242460A600315C38 /* Bai6 */,
			);
		};
/* End PBXProject section */

/* Begin PBXResourcesBuildPhase section */
		F058CF2D242460A600315C38 /* Resources */ = {
			isa = PBXResourcesBuildPhase;
			buildActionMask = 2147483647;
			files = (
				F058CF4F242464AA00315C38 /* Bai6v2ViewController.xib in Resources */,
				F058CF59242473A800315C38 /* Bai6v4ViewController.xib in Resources */,
				F058CF3C242460A700315C38 /* Assets.xcassets in Resources */,
				F058CF4A2424610200315C38 /* Bai6v1ViewController.xib in Resources */,
				F058CF542424687000315C38 /* Bai6v3ViewController.xib in Resources */,
			);
			runOnlyForDeploymentPostprocessing = 0;
		};
/* End PBXResourcesBuildPhase section */

/* Begin PBXSourcesBuildPhase section */
		F058CF2B242460A600315C38 /* Sources */ = {
			isa = PBXSourcesBuildPhase;
			buildActionMask = 2147483647;
			files = (
				F058CF532424687000315C38 /* Bai6v3ViewController.swift in Sources */,
				F058CF492424610200315C38 /* Bai6v1ViewController.swift in Sources */,
				F058CF58242473A800315C38 /* Bai6v4ViewController.swift in Sources */,
				F058CF33242460A600315C38 /* AppDelegate.swift in Sources */,
				F058CF4E242464AA00315C38 /* Bai6v2ViewController.swift in Sources */,
				F058CF35242460A600315C38 /* SceneDelegate.swift in Sources */,
			);
			runOnlyForDeploymentPostprocessing = 0;
		};
/* End PBXSourcesBuildPhase section */

/* Begin XCBuildConfiguration section */
		F058CF41242460A700315C38 /* Debug */ = {
			isa = XCBuildConfiguration;
			buildSettings = {
				ALWAYS_SEARCH_USER_PATHS = NO;
				CLANG_ANALYZER_NONNULL = YES;
				CLANG_ANALYZER_NUMBER_OBJECT_CONVERSION = YES_AGGRESSIVE;
				CLANG_CXX_LANGUAGE_STANDARD = "gnu++14";
				CLANG_CXX_LIBRARY = "libc++";
				CLANG_ENABLE_MODULES = YES;
				CLANG_ENABLE_OBJC_ARC = YES;
				CLANG_ENABLE_OBJC_WEAK = YES;
				CLANG_WARN_BLOCK_CAPTURE_AUTORELEASING = YES;
				CLANG_WARN_BOOL_CONVERSION = YES;
				CLANG_WARN_COMMA = YES;
				CLANG_WARN_CONSTANT_CONVERSION = YES;
				CLANG_WARN_DEPRECATED_OBJC_IMPLEMENTATIONS = YES;
				CLANG_WARN_DIRECT_OBJC_ISA_USAGE = YES_ERROR;
				CLANG_WARN_DOCUMENTATION_COMMENTS = YES;
				CLANG_WARN_EMPTY_BODY = YES;
				CLANG_WARN_ENUM_CONVERSION = YES;
				CLANG_WARN_INFINITE_RECURSION = YES;
				CLANG_WARN_INT_CONVERSION = YES;
				CLANG_WARN_NON_LITERAL_NULL_CONVERSION = YES;
				CLANG_WARN_OBJC_IMPLICIT_RETAIN_SELF = YES;
				CLANG_WARN_OBJC_LITERAL_CONVERSION = YES;
				CLANG_WARN_OBJC_ROOT_CLASS = YES_ERROR;
				CLANG_WARN_RANGE_LOOP_ANALYSIS = YES;
				CLANG_WARN_STRICT_PROTOTYPES = YES;
				CLANG_WARN_SUSPICIOUS_MOVE = YES;
				CLANG_WARN_UNGUARDED_AVAILABILITY = YES_AGGRESSIVE;
				CLANG_WARN_UNREACHABLE_CODE = YES;
				CLANG_WARN__DUPLICATE_METHOD_MATCH = YES;
				COPY_PHASE_STRIP = NO;
				DEBUG_INFORMATION_FORMAT = dwarf;
				ENABLE_STRICT_OBJC_MSGSEND = YES;
				ENABLE_TESTABILITY = YES;
				GCC_C_LANGUAGE_STANDARD = gnu11;
				GCC_DYNAMIC_NO_PIC = NO;
				GCC_NO_COMMON_BLOCKS = YES;
				GCC_OPTIMIZATION_LEVEL = 0;
				GCC_PREPROCESSOR_DEFINITIONS = (
					"DEBUG=1",
					"$(inherited)",
				);
				GCC_WARN_64_TO_32_BIT_CONVERSION = YES;
				GCC_WARN_ABOUT_RETURN_TYPE = YES_ERROR;
				GCC_WARN_UNDECLARED_SELECTOR = YES;
				GCC_WARN_UNINITIALIZED_AUTOS = YES_AGGRESSIVE;
				GCC_WARN_UNUSED_FUNCTION = YES;
				GCC_WARN_UNUSED_VARIABLE = YES;
				IPHONEOS_DEPLOYMENT_TARGET = 13.2;
				MTL_ENABLE_DEBUG_INFO = INCLUDE_SOURCE;
				MTL_FAST_MATH = YES;
				ONLY_ACTIVE_ARCH = YES;
				SDKROOT = iphoneos;
				SWIFT_ACTIVE_COMPILATION_CONDITIONS = DEBUG;
				SWIFT_OPTIMIZATION_LEVEL = "-Onone";
			};
			name = Debug;
		};
		F058CF42242460A700315C38 /* Release */ = {
			isa = XCBuildConfiguration;
			buildSettings = {
				ALWAYS_SEARCH_USER_PATHS = NO;
				CLANG_ANALYZER_NONNULL = YES;
				CLANG_ANALYZER_NUMBER_OBJECT_CONVERSION = YES_AGGRESSIVE;
				CLANG_CXX_LANGUAGE_STANDARD = "gnu++14";
				CLANG_CXX_LIBRARY = "libc++";
				CLANG_ENABLE_MODULES = YES;
				CLANG_ENABLE_OBJC_ARC = YES;
				CLANG_ENABLE_OBJC_WEAK = YES;
				CLANG_WARN_BLOCK_CAPTURE_AUTORELEASING = YES;
				CLANG_WARN_BOOL_CONVERSION = YES;
				CLANG_WARN_COMMA = YES;
				CLANG_WARN_CONSTANT_CONVERSION = YES;
				CLANG_WARN_DEPRECATED_OBJC_IMPLEMENTATIONS = YES;
				CLANG_WARN_DIRECT_OBJC_ISA_USAGE = YES_ERROR;
				CLANG_WARN_DOCUMENTATION_COMMENTS = YES;
				CLANG_WARN_EMPTY_BODY = YES;
				CLANG_WARN_ENUM_CONVERSION = YES;
				CLANG_WARN_INFINITE_RECURSION = YES;
				CLANG_WARN_INT_CONVERSION = YES;
				CLANG_WARN_NON_LITERAL_NULL_CONVERSION = YES;
				CLANG_WARN_OBJC_IMPLICIT_RETAIN_SELF = YES;
				CLANG_WARN_OBJC_LITERAL_CONVERSION = YES;
				CLANG_WARN_OBJC_ROOT_CLASS = YES_ERROR;
				CLANG_WARN_RANGE_LOOP_ANALYSIS = YES;
				CLANG_WARN_STRICT_PROTOTYPES = YES;
				CLANG_WARN_SUSPICIOUS_MOVE = YES;
				CLANG_WARN_UNGUARDED_AVAILABILITY = YES_AGGRESSIVE;
				CLANG_WARN_UNREACHABLE_CODE = YES;
				CLANG_WARN__DUPLICATE_METHOD_MATCH = YES;
				COPY_PHASE_STRIP = NO;
				DEBUG_INFORMATION_FORMAT = "dwarf-with-dsym";
				ENABLE_NS_ASSERTIONS = NO;
				ENABLE_STRICT_OBJC_MSGSEND = YES;
				GCC_C_LANGUAGE_STANDARD = gnu11;
				GCC_NO_COMMON_BLOCKS = YES;
				GCC_WARN_64_TO_32_BIT_CONVERSION = YES;
				GCC_WARN_ABOUT_RETURN_TYPE = YES_ERROR;
				GCC_WARN_UNDECLARED_SELECTOR = YES;
				GCC_WARN_UNINITIALIZED_AUTOS = YES_AGGRESSIVE;
				GCC_WARN_UNUSED_FUNCTION = YES;
				GCC_WARN_UNUSED_VARIABLE = YES;
				IPHONEOS_DEPLOYMENT_TARGET = 13.2;
				MTL_ENABLE_DEBUG_INFO = NO;
				MTL_FAST_MATH = YES;
				SDKROOT = iphoneos;
				SWIFT_COMPILATION_MODE = wholemodule;
				SWIFT_OPTIMIZATION_LEVEL = "-O";
				VALIDATE_PRODUCT = YES;
			};
			name = Release;
		};
		F058CF44242460A700315C38 /* Debug */ = {
			isa = XCBuildConfiguration;
			buildSettings = {
				ASSETCATALOG_COMPILER_APPICON_NAME = AppIcon;
				CODE_SIGN_STYLE = Automatic;
				INFOPLIST_FILE = Bai6/Info.plist;
				LD_RUNPATH_SEARCH_PATHS = (
					"$(inherited)",
					"@executable_path/Frameworks",
				);
				PRODUCT_BUNDLE_IDENTIFIER = com.lybkit.Bai6;
				PRODUCT_NAME = "$(TARGET_NAME)";
				SWIFT_VERSION = 5.0;
				TARGETED_DEVICE_FAMILY = "1,2";
			};
			name = Debug;
		};
		F058CF45242460A700315C38 /* Release */ = {
			isa = XCBuildConfiguration;
			buildSettings = {
				ASSETCATALOG_COMPILER_APPICON_NAME = AppIcon;
				CODE_SIGN_STYLE = Automatic;
				INFOPLIST_FILE = Bai6/Info.plist;
				LD_RUNPATH_SEARCH_PATHS = (
					"$(inherited)",
					"@executable_path/Frameworks",
				);
				PRODUCT_BUNDLE_IDENTIFIER = com.lybkit.Bai6;
				PRODUCT_NAME = "$(TARGET_NAME)";
				SWIFT_VERSION = 5.0;
				TARGETED_DEVICE_FAMILY = "1,2";
			};
			name = Release;
		};
/* End XCBuildConfiguration section */

/* Begin XCConfigurationList section */
		F058CF2A242460A600315C38 /* Build configuration list for PBXProject "Bai6" */ = {
			isa = XCConfigurationList;
			buildConfigurations = (
				F058CF41242460A700315C38 /* Debug */,
				F058CF42242460A700315C38 /* Release */,
			);
			defaultConfigurationIsVisible = 0;
			defaultConfigurationName = Release;
		};
		F058CF43242460A700315C38 /* Build configuration list for PBXNativeTarget "Bai6" */ = {
			isa = XCConfigurationList;
			buildConfigurations = (
				F058CF44242460A700315C38 /* Debug */,
				F058CF45242460A700315C38 /* Release */,
			);
			defaultConfigurationIsVisible = 0;
			defaultConfigurationName = Release;
		};
/* End XCConfigurationList section */
	};
	rootObject = F058CF27242460A600315C38 /* Project object */;
}
